// !$*UTF8*$!
{
	archiveVersion = 1;
	classes = {
	};
	objectVersion = 46;
	objects = {

/* Begin PBXBuildFile section */
		F651648F1D06D3B5003F7183 /* SRVender.h in Headers */ = {isa = PBXBuildFile; fileRef = F651648E1D06D3B5003F7183 /* SRVender.h */; settings = {ATTRIBUTES = (Public, ); }; };
		F65165251D06D3DD003F7183 /* AFHTTPRequestOperation.h in Headers */ = {isa = PBXBuildFile; fileRef = F65164991D06D3DD003F7183 /* AFHTTPRequestOperation.h */; };
		F65165261D06D3DD003F7183 /* AFHTTPRequestOperation.m in Sources */ = {isa = PBXBuildFile; fileRef = F651649A1D06D3DD003F7183 /* AFHTTPRequestOperation.m */; };
		F65165271D06D3DD003F7183 /* AFHTTPRequestOperationManager.h in Headers */ = {isa = PBXBuildFile; fileRef = F651649B1D06D3DD003F7183 /* AFHTTPRequestOperationManager.h */; };
		F65165281D06D3DD003F7183 /* AFHTTPRequestOperationManager.m in Sources */ = {isa = PBXBuildFile; fileRef = F651649C1D06D3DD003F7183 /* AFHTTPRequestOperationManager.m */; };
		F65165291D06D3DD003F7183 /* AFHTTPSessionManager.h in Headers */ = {isa = PBXBuildFile; fileRef = F651649D1D06D3DD003F7183 /* AFHTTPSessionManager.h */; };
		F651652A1D06D3DD003F7183 /* AFHTTPSessionManager.m in Sources */ = {isa = PBXBuildFile; fileRef = F651649E1D06D3DD003F7183 /* AFHTTPSessionManager.m */; };
		F651652B1D06D3DD003F7183 /* AFNetworking.h in Headers */ = {isa = PBXBuildFile; fileRef = F651649F1D06D3DD003F7183 /* AFNetworking.h */; };
		F651652C1D06D3DD003F7183 /* AFNetworkReachabilityManager.h in Headers */ = {isa = PBXBuildFile; fileRef = F65164A01D06D3DD003F7183 /* AFNetworkReachabilityManager.h */; };
		F651652D1D06D3DD003F7183 /* AFNetworkReachabilityManager.m in Sources */ = {isa = PBXBuildFile; fileRef = F65164A11D06D3DD003F7183 /* AFNetworkReachabilityManager.m */; };
		F651652E1D06D3DD003F7183 /* AFSecurityPolicy.h in Headers */ = {isa = PBXBuildFile; fileRef = F65164A21D06D3DD003F7183 /* AFSecurityPolicy.h */; };
		F651652F1D06D3DD003F7183 /* AFSecurityPolicy.m in Sources */ = {isa = PBXBuildFile; fileRef = F65164A31D06D3DD003F7183 /* AFSecurityPolicy.m */; };
		F65165301D06D3DD003F7183 /* AFURLConnectionOperation.h in Headers */ = {isa = PBXBuildFile; fileRef = F65164A41D06D3DD003F7183 /* AFURLConnectionOperation.h */; };
		F65165311D06D3DD003F7183 /* AFURLConnectionOperation.m in Sources */ = {isa = PBXBuildFile; fileRef = F65164A51D06D3DD003F7183 /* AFURLConnectionOperation.m */; };
		F65165321D06D3DD003F7183 /* AFURLRequestSerialization.h in Headers */ = {isa = PBXBuildFile; fileRef = F65164A61D06D3DD003F7183 /* AFURLRequestSerialization.h */; };
		F65165331D06D3DD003F7183 /* AFURLRequestSerialization.m in Sources */ = {isa = PBXBuildFile; fileRef = F65164A71D06D3DD003F7183 /* AFURLRequestSerialization.m */; };
		F65165341D06D3DD003F7183 /* AFURLResponseSerialization.h in Headers */ = {isa = PBXBuildFile; fileRef = F65164A81D06D3DD003F7183 /* AFURLResponseSerialization.h */; };
		F65165351D06D3DD003F7183 /* AFURLResponseSerialization.m in Sources */ = {isa = PBXBuildFile; fileRef = F65164A91D06D3DD003F7183 /* AFURLResponseSerialization.m */; };
		F65165361D06D3DD003F7183 /* AFURLSessionManager.h in Headers */ = {isa = PBXBuildFile; fileRef = F65164AA1D06D3DD003F7183 /* AFURLSessionManager.h */; };
		F65165371D06D3DD003F7183 /* AFURLSessionManager.m in Sources */ = {isa = PBXBuildFile; fileRef = F65164AB1D06D3DD003F7183 /* AFURLSessionManager.m */; };
		F65165381D06D3DD003F7183 /* LICENSE in Resources */ = {isa = PBXBuildFile; fileRef = F65164AC1D06D3DD003F7183 /* LICENSE */; };
		F65165391D06D3DD003F7183 /* README.md in Sources */ = {isa = PBXBuildFile; fileRef = F65164AD1D06D3DD003F7183 /* README.md */; };
		F651653A1D06D3DD003F7183 /* AFNetworkActivityIndicatorManager.h in Headers */ = {isa = PBXBuildFile; fileRef = F65164AF1D06D3DD003F7183 /* AFNetworkActivityIndicatorManager.h */; };
		F651653B1D06D3DD003F7183 /* AFNetworkActivityIndicatorManager.m in Sources */ = {isa = PBXBuildFile; fileRef = F65164B01D06D3DD003F7183 /* AFNetworkActivityIndicatorManager.m */; };
		F651653C1D06D3DD003F7183 /* UIActivityIndicatorView+AFNetworking.h in Headers */ = {isa = PBXBuildFile; fileRef = F65164B11D06D3DD003F7183 /* UIActivityIndicatorView+AFNetworking.h */; };
		F651653D1D06D3DD003F7183 /* UIActivityIndicatorView+AFNetworking.m in Sources */ = {isa = PBXBuildFile; fileRef = F65164B21D06D3DD003F7183 /* UIActivityIndicatorView+AFNetworking.m */; };
		F651653E1D06D3DD003F7183 /* UIAlertView+AFNetworking.h in Headers */ = {isa = PBXBuildFile; fileRef = F65164B31D06D3DD003F7183 /* UIAlertView+AFNetworking.h */; };
		F651653F1D06D3DD003F7183 /* UIAlertView+AFNetworking.m in Sources */ = {isa = PBXBuildFile; fileRef = F65164B41D06D3DD003F7183 /* UIAlertView+AFNetworking.m */; };
		F65165401D06D3DD003F7183 /* UIButton+AFNetworking.h in Headers */ = {isa = PBXBuildFile; fileRef = F65164B51D06D3DD003F7183 /* UIButton+AFNetworking.h */; };
		F65165411D06D3DD003F7183 /* UIButton+AFNetworking.m in Sources */ = {isa = PBXBuildFile; fileRef = F65164B61D06D3DD003F7183 /* UIButton+AFNetworking.m */; };
		F65165421D06D3DD003F7183 /* UIImageView+AFNetworking.h in Headers */ = {isa = PBXBuildFile; fileRef = F65164B71D06D3DD003F7183 /* UIImageView+AFNetworking.h */; };
		F65165431D06D3DD003F7183 /* UIImageView+AFNetworking.m in Sources */ = {isa = PBXBuildFile; fileRef = F65164B81D06D3DD003F7183 /* UIImageView+AFNetworking.m */; };
		F65165441D06D3DD003F7183 /* UIKit+AFNetworking.h in Headers */ = {isa = PBXBuildFile; fileRef = F65164B91D06D3DD003F7183 /* UIKit+AFNetworking.h */; };
		F65165451D06D3DD003F7183 /* UIProgressView+AFNetworking.h in Headers */ = {isa = PBXBuildFile; fileRef = F65164BA1D06D3DD003F7183 /* UIProgressView+AFNetworking.h */; };
		F65165461D06D3DD003F7183 /* UIProgressView+AFNetworking.m in Sources */ = {isa = PBXBuildFile; fileRef = F65164BB1D06D3DD003F7183 /* UIProgressView+AFNetworking.m */; };
		F65165471D06D3DD003F7183 /* UIRefreshControl+AFNetworking.h in Headers */ = {isa = PBXBuildFile; fileRef = F65164BC1D06D3DD003F7183 /* UIRefreshControl+AFNetworking.h */; };
		F65165481D06D3DD003F7183 /* UIRefreshControl+AFNetworking.m in Sources */ = {isa = PBXBuildFile; fileRef = F65164BD1D06D3DD003F7183 /* UIRefreshControl+AFNetworking.m */; };
		F65165491D06D3DD003F7183 /* UIWebView+AFNetworking.h in Headers */ = {isa = PBXBuildFile; fileRef = F65164BE1D06D3DD003F7183 /* UIWebView+AFNetworking.h */; };
		F651654A1D06D3DD003F7183 /* UIWebView+AFNetworking.m in Sources */ = {isa = PBXBuildFile; fileRef = F65164BF1D06D3DD003F7183 /* UIWebView+AFNetworking.m */; };
		F651654B1D06D3DD003F7183 /* AppConfig.h in Headers */ = {isa = PBXBuildFile; fileRef = F65164C01D06D3DD003F7183 /* AppConfig.h */; };
		F651654C1D06D3DD003F7183 /* AppConfig.m in Sources */ = {isa = PBXBuildFile; fileRef = F65164C11D06D3DD003F7183 /* AppConfig.m */; };
		F651654D1D06D3DD003F7183 /* Info.plist in Resources */ = {isa = PBXBuildFile; fileRef = F65164C21D06D3DD003F7183 /* Info.plist */; };
		F651654E1D06D3DD003F7183 /* PrefixHeader.pch in Headers */ = {isa = PBXBuildFile; fileRef = F65164C31D06D3DD003F7183 /* PrefixHeader.pch */; };
		F65165511D06D3DD003F7183 /* SRTest.h in Headers */ = {isa = PBXBuildFile; fileRef = F65164C61D06D3DD003F7183 /* SRTest.h */; };
		F65165521D06D3DD003F7183 /* SRTest.m in Sources */ = {isa = PBXBuildFile; fileRef = F65164C71D06D3DD003F7183 /* SRTest.m */; };
		F65165531D06D3DD003F7183 /* SRVendor.h in Headers */ = {isa = PBXBuildFile; fileRef = F65164C81D06D3DD003F7183 /* SRVendor.h */; };
		F65165541D06D3DD003F7183 /* AppResource.h in Headers */ = {isa = PBXBuildFile; fileRef = F65164CB1D06D3DD003F7183 /* AppResource.h */; };
		F65165551D06D3DD003F7183 /* AppResource.m in Sources */ = {isa = PBXBuildFile; fileRef = F65164CC1D06D3DD003F7183 /* AppResource.m */; };
		F65165561D06D3DD003F7183 /* CKStringUtils.h in Headers */ = {isa = PBXBuildFile; fileRef = F65164CE1D06D3DD003F7183 /* CKStringUtils.h */; };
		F65165571D06D3DD003F7183 /* CKStringUtils.m in Sources */ = {isa = PBXBuildFile; fileRef = F65164CF1D06D3DD003F7183 /* CKStringUtils.m */; };
		F65165581D06D3DD003F7183 /* LICENSE.txt in Resources */ = {isa = PBXBuildFile; fileRef = F65164D11D06D3DD003F7183 /* LICENSE.txt */; };
		F65165591D06D3DD003F7183 /* NSDictionary+STHelper-Prefix.pch in Headers */ = {isa = PBXBuildFile; fileRef = F65164D21D06D3DD003F7183 /* NSDictionary+STHelper-Prefix.pch */; };
		F651655A1D06D3DD003F7183 /* NSDictionary+STHelper.h in Headers */ = {isa = PBXBuildFile; fileRef = F65164D31D06D3DD003F7183 /* NSDictionary+STHelper.h */; };
		F651655B1D06D3DD003F7183 /* NSDictionary+STHelper.m in Sources */ = {isa = PBXBuildFile; fileRef = F65164D41D06D3DD003F7183 /* NSDictionary+STHelper.m */; };
		F651655C1D06D3DD003F7183 /* NSMutableDictionary+STHelper.h in Headers */ = {isa = PBXBuildFile; fileRef = F65164D51D06D3DD003F7183 /* NSMutableDictionary+STHelper.h */; };
		F651655D1D06D3DD003F7183 /* NSMutableDictionary+STHelper.m in Sources */ = {isa = PBXBuildFile; fileRef = F65164D61D06D3DD003F7183 /* NSMutableDictionary+STHelper.m */; };
		F651655E1D06D3DD003F7183 /* LICENSE in Resources */ = {isa = PBXBuildFile; fileRef = F65164D91D06D3DD003F7183 /* LICENSE */; };
		F651655F1D06D3DD003F7183 /* SSKeychain.h in Headers */ = {isa = PBXBuildFile; fileRef = F65164DA1D06D3DD003F7183 /* SSKeychain.h */; };
		F65165601D06D3DD003F7183 /* SSKeychain.m in Sources */ = {isa = PBXBuildFile; fileRef = F65164DB1D06D3DD003F7183 /* SSKeychain.m */; };
		F65165611D06D3DD003F7183 /* NSDictionary+SRHelper.h in Headers */ = {isa = PBXBuildFile; fileRef = F65164DE1D06D3DD003F7183 /* NSDictionary+SRHelper.h */; };
		F65165621D06D3DD003F7183 /* NSDictionary+SRHelper.m in Sources */ = {isa = PBXBuildFile; fileRef = F65164DF1D06D3DD003F7183 /* NSDictionary+SRHelper.m */; };
		F65165631D06D3DD003F7183 /* SRCategoryService.h in Headers */ = {isa = PBXBuildFile; fileRef = F65164E21D06D3DD003F7183 /* SRCategoryService.h */; };
		F65165641D06D3DD003F7183 /* SRCategoryService.m in Sources */ = {isa = PBXBuildFile; fileRef = F65164E31D06D3DD003F7183 /* SRCategoryService.m */; };
		F65165651D06D3DD003F7183 /* SRBrokeService.h in Headers */ = {isa = PBXBuildFile; fileRef = F65164E51D06D3DD003F7183 /* SRBrokeService.h */; };
		F65165661D06D3DD003F7183 /* SRBrokeService.m in Sources */ = {isa = PBXBuildFile; fileRef = F65164E61D06D3DD003F7183 /* SRBrokeService.m */; };
		F65165671D06D3DD003F7183 /* SRContentService.h in Headers */ = {isa = PBXBuildFile; fileRef = F65164E81D06D3DD003F7183 /* SRContentService.h */; };
		F65165681D06D3DD003F7183 /* SRContentService.m in Sources */ = {isa = PBXBuildFile; fileRef = F65164E91D06D3DD003F7183 /* SRContentService.m */; };
		F65165691D06D3DD003F7183 /* SRDataException.h in Headers */ = {isa = PBXBuildFile; fileRef = F65164EB1D06D3DD003F7183 /* SRDataException.h */; };
		F651656A1D06D3DD003F7183 /* SRDataException.m in Sources */ = {isa = PBXBuildFile; fileRef = F65164EC1D06D3DD003F7183 /* SRDataException.m */; };
		F651656B1D06D3DD003F7183 /* SRHomeService.h in Headers */ = {isa = PBXBuildFile; fileRef = F65164EE1D06D3DD003F7183 /* SRHomeService.h */; };
		F651656C1D06D3DD003F7183 /* SRHomeService.m in Sources */ = {isa = PBXBuildFile; fileRef = F65164EF1D06D3DD003F7183 /* SRHomeService.m */; };
		F651656D1D06D3DD003F7183 /* SRMemberService.h in Headers */ = {isa = PBXBuildFile; fileRef = F65164F11D06D3DD003F7183 /* SRMemberService.h */; };
		F651656E1D06D3DD003F7183 /* SRMemberService.m in Sources */ = {isa = PBXBuildFile; fileRef = F65164F21D06D3DD003F7183 /* SRMemberService.m */; };
		F651656F1D06D3DD003F7183 /* SRActivityService.h in Headers */ = {isa = PBXBuildFile; fileRef = F65164F41D06D3DD003F7183 /* SRActivityService.h */; };
		F65165701D06D3DD003F7183 /* SRActivityService.m in Sources */ = {isa = PBXBuildFile; fileRef = F65164F51D06D3DD003F7183 /* SRActivityService.m */; };
		F65165711D06D3DD003F7183 /* SRPm9Service.h in Headers */ = {isa = PBXBuildFile; fileRef = F65164F61D06D3DD003F7183 /* SRPm9Service.h */; };
		F65165721D06D3DD003F7183 /* SRPm9Service.m in Sources */ = {isa = PBXBuildFile; fileRef = F65164F71D06D3DD003F7183 /* SRPm9Service.m */; };
		F65165731D06D3DD003F7183 /* SRProductService.h in Headers */ = {isa = PBXBuildFile; fileRef = F65164F91D06D3DD003F7183 /* SRProductService.h */; };
		F65165741D06D3DD003F7183 /* SRProductService.m in Sources */ = {isa = PBXBuildFile; fileRef = F65164FA1D06D3DD003F7183 /* SRProductService.m */; };
		F65165751D06D3DD003F7183 /* SRPublicTestService.h in Headers */ = {isa = PBXBuildFile; fileRef = F65164FC1D06D3DD003F7183 /* SRPublicTestService.h */; };
		F65165761D06D3DD003F7183 /* SRPublicTestService.m in Sources */ = {isa = PBXBuildFile; fileRef = F65164FD1D06D3DD003F7183 /* SRPublicTestService.m */; };
		F65165771D06D3DD003F7183 /* SRSkinTestService.h in Headers */ = {isa = PBXBuildFile; fileRef = F65164FF1D06D3DD003F7183 /* SRSkinTestService.h */; };
		F65165781D06D3DD003F7183 /* SRSkinTestService.m in Sources */ = {isa = PBXBuildFile; fileRef = F65165001D06D3DD003F7183 /* SRSkinTestService.m */; };
		F65165791D06D3DD003F7183 /* SRDataDef.h in Headers */ = {isa = PBXBuildFile; fileRef = F65165011D06D3DD003F7183 /* SRDataDef.h */; };
		F651657A1D06D3DD003F7183 /* SRDataDef.m in Sources */ = {isa = PBXBuildFile; fileRef = F65165021D06D3DD003F7183 /* SRDataDef.m */; };
		F651657B1D06D3DD003F7183 /* SRDataManager.h in Headers */ = {isa = PBXBuildFile; fileRef = F65165031D06D3DD003F7183 /* SRDataManager.h */; };
		F651657C1D06D3DD003F7183 /* SRDataManager.m in Sources */ = {isa = PBXBuildFile; fileRef = F65165041D06D3DD003F7183 /* SRDataManager.m */; };
		F651657D1D06D3DD003F7183 /* SRWebService.h in Headers */ = {isa = PBXBuildFile; fileRef = F65165051D06D3DD003F7183 /* SRWebService.h */; };
		F651657E1D06D3DD003F7183 /* SRWebService.m in Sources */ = {isa = PBXBuildFile; fileRef = F65165061D06D3DD003F7183 /* SRWebService.m */; };
		F651657F1D06D3DD003F7183 /* SRTrainingPlan.h in Headers */ = {isa = PBXBuildFile; fileRef = F65165081D06D3DD003F7183 /* SRTrainingPlan.h */; };
		F65165801D06D3DD003F7183 /* SRTrainingPlan.m in Sources */ = {isa = PBXBuildFile; fileRef = F65165091D06D3DD003F7183 /* SRTrainingPlan.m */; };
		F65165811D06D3DD003F7183 /* SRCartService.h in Headers */ = {isa = PBXBuildFile; fileRef = F651650B1D06D3DD003F7183 /* SRCartService.h */; };
		F65165821D06D3DD003F7183 /* SRCartService.m in Sources */ = {isa = PBXBuildFile; fileRef = F651650C1D06D3DD003F7183 /* SRCartService.m */; };
		F65165831D06D3DD003F7183 /* SRWelfareService.h in Headers */ = {isa = PBXBuildFile; fileRef = F651650D1D06D3DD003F7183 /* SRWelfareService.h */; };
		F65165841D06D3DD003F7183 /* SRWelfareService.m in Sources */ = {isa = PBXBuildFile; fileRef = F651650E1D06D3DD003F7183 /* SRWelfareService.m */; };
		F65165851D06D3DD003F7183 /* SRKit.h in Headers */ = {isa = PBXBuildFile; fileRef = F651650F1D06D3DD003F7183 /* SRKit.h */; };
		F65165861D06D3DD003F7183 /* RKSerialization.h in Headers */ = {isa = PBXBuildFile; fileRef = F65165111D06D3DD003F7183 /* RKSerialization.h */; };
		F65165871D06D3DD003F7183 /* RKURLEncodedSerialization.h in Headers */ = {isa = PBXBuildFile; fileRef = F65165121D06D3DD003F7183 /* RKURLEncodedSerialization.h */; };
		F65165881D06D3DD003F7183 /* RKURLEncodedSerialization.m in Sources */ = {isa = PBXBuildFile; fileRef = F65165131D06D3DD003F7183 /* RKURLEncodedSerialization.m */; };
		F65165891D06D3DD003F7183 /* SRDeviceUtilties.h in Headers */ = {isa = PBXBuildFile; fileRef = F65165141D06D3DD003F7183 /* SRDeviceUtilties.h */; };
		F651658A1D06D3DD003F7183 /* SRDeviceUtilties.m in Sources */ = {isa = PBXBuildFile; fileRef = F65165151D06D3DD003F7183 /* SRDeviceUtilties.m */; };
		F651658B1D06D3DD003F7183 /* SRDictionaryUtilities.h in Headers */ = {isa = PBXBuildFile; fileRef = F65165161D06D3DD003F7183 /* SRDictionaryUtilities.h */; };
		F651658C1D06D3DD003F7183 /* SRDictionaryUtilities.m in Sources */ = {isa = PBXBuildFile; fileRef = F65165171D06D3DD003F7183 /* SRDictionaryUtilities.m */; };
		F651658D1D06D3DD003F7183 /* CNavigationController.h in Headers */ = {isa = PBXBuildFile; fileRef = F65165191D06D3DD003F7183 /* CNavigationController.h */; };
		F651658E1D06D3DD003F7183 /* CNavigationController.m in Sources */ = {isa = PBXBuildFile; fileRef = F651651A1D06D3DD003F7183 /* CNavigationController.m */; };
		F651658F1D06D3DD003F7183 /* CUIEnginer.h in Headers */ = {isa = PBXBuildFile; fileRef = F651651B1D06D3DD003F7183 /* CUIEnginer.h */; };
		F65165901D06D3DD003F7183 /* CUIEnginer.m in Sources */ = {isa = PBXBuildFile; fileRef = F651651C1D06D3DD003F7183 /* CUIEnginer.m */; };
		F65165911D06D3DD003F7183 /* CUIKit.h in Headers */ = {isa = PBXBuildFile; fileRef = F651651D1D06D3DD003F7183 /* CUIKit.h */; };
		F65165921D06D3DD003F7183 /* WCAlertView.h in Headers */ = {isa = PBXBuildFile; fileRef = F651651F1D06D3DD003F7183 /* WCAlertView.h */; };
		F65165931D06D3DD003F7183 /* WCAlertView.m in Sources */ = {isa = PBXBuildFile; fileRef = F65165201D06D3DD003F7183 /* WCAlertView.m */; };
		F65165941D06D3DD003F7183 /* YALSunnyRefreshControl.h in Headers */ = {isa = PBXBuildFile; fileRef = F65165221D06D3DD003F7183 /* YALSunnyRefreshControl.h */; };
		F65165951D06D3DD003F7183 /* YALSunnyRefreshControl.m in Sources */ = {isa = PBXBuildFile; fileRef = F65165231D06D3DD003F7183 /* YALSunnyRefreshControl.m */; };
		F65165961D06D3DD003F7183 /* YALSunnyRefreshControl.xib in Resources */ = {isa = PBXBuildFile; fileRef = F65165241D06D3DD003F7183 /* YALSunnyRefreshControl.xib */; };
		F65165981D06D405003F7183 /* PrefixHeader.pch in Headers */ = {isa = PBXBuildFile; fileRef = F65165971D06D405003F7183 /* PrefixHeader.pch */; };
/* End PBXBuildFile section */

/* Begin PBXFileReference section */
		F651648B1D06D3B5003F7183 /* SRVender.framework */ = {isa = PBXFileReference; explicitFileType = wrapper.framework; includeInIndex = 0; path = SRVender.framework; sourceTree = BUILT_PRODUCTS_DIR; };
		F651648E1D06D3B5003F7183 /* SRVender.h */ = {isa = PBXFileReference; lastKnownFileType = sourcecode.c.h; path = SRVender.h; sourceTree = "<group>"; };
		F65164901D06D3B5003F7183 /* Info.plist */ = {isa = PBXFileReference; lastKnownFileType = text.plist.xml; path = Info.plist; sourceTree = "<group>"; };
		F65164991D06D3DD003F7183 /* AFHTTPRequestOperation.h */ = {isa = PBXFileReference; fileEncoding = 4; lastKnownFileType = sourcecode.c.h; path = AFHTTPRequestOperation.h; sourceTree = "<group>"; };
		F651649A1D06D3DD003F7183 /* AFHTTPRequestOperation.m */ = {isa = PBXFileReference; fileEncoding = 4; lastKnownFileType = sourcecode.c.objc; path = AFHTTPRequestOperation.m; sourceTree = "<group>"; };
		F651649B1D06D3DD003F7183 /* AFHTTPRequestOperationManager.h */ = {isa = PBXFileReference; fileEncoding = 4; lastKnownFileType = sourcecode.c.h; path = AFHTTPRequestOperationManager.h; sourceTree = "<group>"; };
		F651649C1D06D3DD003F7183 /* AFHTTPRequestOperationManager.m */ = {isa = PBXFileReference; fileEncoding = 4; lastKnownFileType = sourcecode.c.objc; path = AFHTTPRequestOperationManager.m; sourceTree = "<group>"; };
		F651649D1D06D3DD003F7183 /* AFHTTPSessionManager.h */ = {isa = PBXFileReference; fileEncoding = 4; lastKnownFileType = sourcecode.c.h; path = AFHTTPSessionManager.h; sourceTree = "<group>"; };
		F651649E1D06D3DD003F7183 /* AFHTTPSessionManager.m */ = {isa = PBXFileReference; fileEncoding = 4; lastKnownFileType = sourcecode.c.objc; path = AFHTTPSessionManager.m; sourceTree = "<group>"; };
		F651649F1D06D3DD003F7183 /* AFNetworking.h */ = {isa = PBXFileReference; fileEncoding = 4; lastKnownFileType = sourcecode.c.h; path = AFNetworking.h; sourceTree = "<group>"; };
		F65164A01D06D3DD003F7183 /* AFNetworkReachabilityManager.h */ = {isa = PBXFileReference; fileEncoding = 4; lastKnownFileType = sourcecode.c.h; path = AFNetworkReachabilityManager.h; sourceTree = "<group>"; };
		F65164A11D06D3DD003F7183 /* AFNetworkReachabilityManager.m */ = {isa = PBXFileReference; fileEncoding = 4; lastKnownFileType = sourcecode.c.objc; path = AFNetworkReachabilityManager.m; sourceTree = "<group>"; };
		F65164A21D06D3DD003F7183 /* AFSecurityPolicy.h */ = {isa = PBXFileReference; fileEncoding = 4; lastKnownFileType = sourcecode.c.h; path = AFSecurityPolicy.h; sourceTree = "<group>"; };
		F65164A31D06D3DD003F7183 /* AFSecurityPolicy.m */ = {isa = PBXFileReference; fileEncoding = 4; lastKnownFileType = sourcecode.c.objc; path = AFSecurityPolicy.m; sourceTree = "<group>"; };
		F65164A41D06D3DD003F7183 /* AFURLConnectionOperation.h */ = {isa = PBXFileReference; fileEncoding = 4; lastKnownFileType = sourcecode.c.h; path = AFURLConnectionOperation.h; sourceTree = "<group>"; };
		F65164A51D06D3DD003F7183 /* AFURLConnectionOperation.m */ = {isa = PBXFileReference; fileEncoding = 4; lastKnownFileType = sourcecode.c.objc; path = AFURLConnectionOperation.m; sourceTree = "<group>"; };
		F65164A61D06D3DD003F7183 /* AFURLRequestSerialization.h */ = {isa = PBXFileReference; fileEncoding = 4; lastKnownFileType = sourcecode.c.h; path = AFURLRequestSerialization.h; sourceTree = "<group>"; };
		F65164A71D06D3DD003F7183 /* AFURLRequestSerialization.m */ = {isa = PBXFileReference; fileEncoding = 4; lastKnownFileType = sourcecode.c.objc; path = AFURLRequestSerialization.m; sourceTree = "<group>"; };
		F65164A81D06D3DD003F7183 /* AFURLResponseSerialization.h */ = {isa = PBXFileReference; fileEncoding = 4; lastKnownFileType = sourcecode.c.h; path = AFURLResponseSerialization.h; sourceTree = "<group>"; };
		F65164A91D06D3DD003F7183 /* AFURLResponseSerialization.m */ = {isa = PBXFileReference; fileEncoding = 4; lastKnownFileType = sourcecode.c.objc; path = AFURLResponseSerialization.m; sourceTree = "<group>"; };
		F65164AA1D06D3DD003F7183 /* AFURLSessionManager.h */ = {isa = PBXFileReference; fileEncoding = 4; lastKnownFileType = sourcecode.c.h; path = AFURLSessionManager.h; sourceTree = "<group>"; };
		F65164AB1D06D3DD003F7183 /* AFURLSessionManager.m */ = {isa = PBXFileReference; fileEncoding = 4; lastKnownFileType = sourcecode.c.objc; path = AFURLSessionManager.m; sourceTree = "<group>"; };
		F65164AC1D06D3DD003F7183 /* LICENSE */ = {isa = PBXFileReference; fileEncoding = 4; lastKnownFileType = text; path = LICENSE; sourceTree = "<group>"; };
		F65164AD1D06D3DD003F7183 /* README.md */ = {isa = PBXFileReference; fileEncoding = 4; lastKnownFileType = net.daringfireball.markdown; path = README.md; sourceTree = "<group>"; };
		F65164AF1D06D3DD003F7183 /* AFNetworkActivityIndicatorManager.h */ = {isa = PBXFileReference; fileEncoding = 4; lastKnownFileType = sourcecode.c.h; path = AFNetworkActivityIndicatorManager.h; sourceTree = "<group>"; };
		F65164B01D06D3DD003F7183 /* AFNetworkActivityIndicatorManager.m */ = {isa = PBXFileReference; fileEncoding = 4; lastKnownFileType = sourcecode.c.objc; path = AFNetworkActivityIndicatorManager.m; sourceTree = "<group>"; };
		F65164B11D06D3DD003F7183 /* UIActivityIndicatorView+AFNetworking.h */ = {isa = PBXFileReference; fileEncoding = 4; lastKnownFileType = sourcecode.c.h; path = "UIActivityIndicatorView+AFNetworking.h"; sourceTree = "<group>"; };
		F65164B21D06D3DD003F7183 /* UIActivityIndicatorView+AFNetworking.m */ = {isa = PBXFileReference; fileEncoding = 4; lastKnownFileType = sourcecode.c.objc; path = "UIActivityIndicatorView+AFNetworking.m"; sourceTree = "<group>"; };
		F65164B31D06D3DD003F7183 /* UIAlertView+AFNetworking.h */ = {isa = PBXFileReference; fileEncoding = 4; lastKnownFileType = sourcecode.c.h; path = "UIAlertView+AFNetworking.h"; sourceTree = "<group>"; };
		F65164B41D06D3DD003F7183 /* UIAlertView+AFNetworking.m */ = {isa = PBXFileReference; fileEncoding = 4; lastKnownFileType = sourcecode.c.objc; path = "UIAlertView+AFNetworking.m"; sourceTree = "<group>"; };
		F65164B51D06D3DD003F7183 /* UIButton+AFNetworking.h */ = {isa = PBXFileReference; fileEncoding = 4; lastKnownFileType = sourcecode.c.h; path = "UIButton+AFNetworking.h"; sourceTree = "<group>"; };
		F65164B61D06D3DD003F7183 /* UIButton+AFNetworking.m */ = {isa = PBXFileReference; fileEncoding = 4; lastKnownFileType = sourcecode.c.objc; path = "UIButton+AFNetworking.m"; sourceTree = "<group>"; };
		F65164B71D06D3DD003F7183 /* UIImageView+AFNetworking.h */ = {isa = PBXFileReference; fileEncoding = 4; lastKnownFileType = sourcecode.c.h; path = "UIImageView+AFNetworking.h"; sourceTree = "<group>"; };
		F65164B81D06D3DD003F7183 /* UIImageView+AFNetworking.m */ = {isa = PBXFileReference; fileEncoding = 4; lastKnownFileType = sourcecode.c.objc; path = "UIImageView+AFNetworking.m"; sourceTree = "<group>"; };
		F65164B91D06D3DD003F7183 /* UIKit+AFNetworking.h */ = {isa = PBXFileReference; fileEncoding = 4; lastKnownFileType = sourcecode.c.h; path = "UIKit+AFNetworking.h"; sourceTree = "<group>"; };
		F65164BA1D06D3DD003F7183 /* UIProgressView+AFNetworking.h */ = {isa = PBXFileReference; fileEncoding = 4; lastKnownFileType = sourcecode.c.h; path = "UIProgressView+AFNetworking.h"; sourceTree = "<group>"; };
		F65164BB1D06D3DD003F7183 /* UIProgressView+AFNetworking.m */ = {isa = PBXFileReference; fileEncoding = 4; lastKnownFileType = sourcecode.c.objc; path = "UIProgressView+AFNetworking.m"; sourceTree = "<group>"; };
		F65164BC1D06D3DD003F7183 /* UIRefreshControl+AFNetworking.h */ = {isa = PBXFileReference; fileEncoding = 4; lastKnownFileType = sourcecode.c.h; path = "UIRefreshControl+AFNetworking.h"; sourceTree = "<group>"; };
		F65164BD1D06D3DD003F7183 /* UIRefreshControl+AFNetworking.m */ = {isa = PBXFileReference; fileEncoding = 4; lastKnownFileType = sourcecode.c.objc; path = "UIRefreshControl+AFNetworking.m"; sourceTree = "<group>"; };
		F65164BE1D06D3DD003F7183 /* UIWebView+AFNetworking.h */ = {isa = PBXFileReference; fileEncoding = 4; lastKnownFileType = sourcecode.c.h; path = "UIWebView+AFNetworking.h"; sourceTree = "<group>"; };
		F65164BF1D06D3DD003F7183 /* UIWebView+AFNetworking.m */ = {isa = PBXFileReference; fileEncoding = 4; lastKnownFileType = sourcecode.c.objc; path = "UIWebView+AFNetworking.m"; sourceTree = "<group>"; };
		F65164C01D06D3DD003F7183 /* AppConfig.h */ = {isa = PBXFileReference; fileEncoding = 4; lastKnownFileType = sourcecode.c.h; path = AppConfig.h; sourceTree = "<group>"; };
		F65164C11D06D3DD003F7183 /* AppConfig.m */ = {isa = PBXFileReference; fileEncoding = 4; lastKnownFileType = sourcecode.c.objc; path = AppConfig.m; sourceTree = "<group>"; };
		F65164C21D06D3DD003F7183 /* Info.plist */ = {isa = PBXFileReference; fileEncoding = 4; lastKnownFileType = text.plist.xml; path = Info.plist; sourceTree = "<group>"; };
		F65164C31D06D3DD003F7183 /* PrefixHeader.pch */ = {isa = PBXFileReference; fileEncoding = 4; lastKnownFileType = sourcecode.c.h; path = PrefixHeader.pch; sourceTree = "<group>"; };
		F65164C61D06D3DD003F7183 /* SRTest.h */ = {isa = PBXFileReference; fileEncoding = 4; lastKnownFileType = sourcecode.c.h; path = SRTest.h; sourceTree = "<group>"; };
		F65164C71D06D3DD003F7183 /* SRTest.m */ = {isa = PBXFileReference; fileEncoding = 4; lastKnownFileType = sourcecode.c.objc; path = SRTest.m; sourceTree = "<group>"; };
		F65164C81D06D3DD003F7183 /* SRVendor.h */ = {isa = PBXFileReference; fileEncoding = 4; lastKnownFileType = sourcecode.c.h; path = SRVendor.h; sourceTree = "<group>"; };
		F65164CB1D06D3DD003F7183 /* AppResource.h */ = {isa = PBXFileReference; fileEncoding = 4; lastKnownFileType = sourcecode.c.h; path = AppResource.h; sourceTree = "<group>"; };
		F65164CC1D06D3DD003F7183 /* AppResource.m */ = {isa = PBXFileReference; fileEncoding = 4; lastKnownFileType = sourcecode.c.objc; path = AppResource.m; sourceTree = "<group>"; };
		F65164CE1D06D3DD003F7183 /* CKStringUtils.h */ = {isa = PBXFileReference; fileEncoding = 4; lastKnownFileType = sourcecode.c.h; path = CKStringUtils.h; sourceTree = "<group>"; };
		F65164CF1D06D3DD003F7183 /* CKStringUtils.m */ = {isa = PBXFileReference; fileEncoding = 4; lastKnownFileType = sourcecode.c.objc; path = CKStringUtils.m; sourceTree = "<group>"; };
		F65164D11D06D3DD003F7183 /* LICENSE.txt */ = {isa = PBXFileReference; fileEncoding = 4; lastKnownFileType = text; path = LICENSE.txt; sourceTree = "<group>"; };
		F65164D21D06D3DD003F7183 /* NSDictionary+STHelper-Prefix.pch */ = {isa = PBXFileReference; fileEncoding = 4; lastKnownFileType = sourcecode.c.h; path = "NSDictionary+STHelper-Prefix.pch"; sourceTree = "<group>"; };
		F65164D31D06D3DD003F7183 /* NSDictionary+STHelper.h */ = {isa = PBXFileReference; fileEncoding = 4; lastKnownFileType = sourcecode.c.h; path = "NSDictionary+STHelper.h"; sourceTree = "<group>"; };
		F65164D41D06D3DD003F7183 /* NSDictionary+STHelper.m */ = {isa = PBXFileReference; fileEncoding = 4; lastKnownFileType = sourcecode.c.objc; path = "NSDictionary+STHelper.m"; sourceTree = "<group>"; };
		F65164D51D06D3DD003F7183 /* NSMutableDictionary+STHelper.h */ = {isa = PBXFileReference; fileEncoding = 4; lastKnownFileType = sourcecode.c.h; path = "NSMutableDictionary+STHelper.h"; sourceTree = "<group>"; };
		F65164D61D06D3DD003F7183 /* NSMutableDictionary+STHelper.m */ = {isa = PBXFileReference; fileEncoding = 4; lastKnownFileType = sourcecode.c.objc; path = "NSMutableDictionary+STHelper.m"; sourceTree = "<group>"; };
		F65164D91D06D3DD003F7183 /* LICENSE */ = {isa = PBXFileReference; fileEncoding = 4; lastKnownFileType = text; path = LICENSE; sourceTree = "<group>"; };
		F65164DA1D06D3DD003F7183 /* SSKeychain.h */ = {isa = PBXFileReference; fileEncoding = 4; lastKnownFileType = sourcecode.c.h; path = SSKeychain.h; sourceTree = "<group>"; };
		F65164DB1D06D3DD003F7183 /* SSKeychain.m */ = {isa = PBXFileReference; fileEncoding = 4; lastKnownFileType = sourcecode.c.objc; path = SSKeychain.m; sourceTree = "<group>"; };
		F65164DE1D06D3DD003F7183 /* NSDictionary+SRHelper.h */ = {isa = PBXFileReference; fileEncoding = 4; lastKnownFileType = sourcecode.c.h; path = "NSDictionary+SRHelper.h"; sourceTree = "<group>"; };
		F65164DF1D06D3DD003F7183 /* NSDictionary+SRHelper.m */ = {isa = PBXFileReference; fileEncoding = 4; lastKnownFileType = sourcecode.c.objc; path = "NSDictionary+SRHelper.m"; sourceTree = "<group>"; };
		F65164E21D06D3DD003F7183 /* SRCategoryService.h */ = {isa = PBXFileReference; fileEncoding = 4; lastKnownFileType = sourcecode.c.h; path = SRCategoryService.h; sourceTree = "<group>"; };
		F65164E31D06D3DD003F7183 /* SRCategoryService.m */ = {isa = PBXFileReference; fileEncoding = 4; lastKnownFileType = sourcecode.c.objc; path = SRCategoryService.m; sourceTree = "<group>"; };
		F65164E51D06D3DD003F7183 /* SRBrokeService.h */ = {isa = PBXFileReference; fileEncoding = 4; lastKnownFileType = sourcecode.c.h; path = SRBrokeService.h; sourceTree = "<group>"; };
		F65164E61D06D3DD003F7183 /* SRBrokeService.m */ = {isa = PBXFileReference; fileEncoding = 4; lastKnownFileType = sourcecode.c.objc; path = SRBrokeService.m; sourceTree = "<group>"; };
		F65164E81D06D3DD003F7183 /* SRContentService.h */ = {isa = PBXFileReference; fileEncoding = 4; lastKnownFileType = sourcecode.c.h; path = SRContentService.h; sourceTree = "<group>"; };
		F65164E91D06D3DD003F7183 /* SRContentService.m */ = {isa = PBXFileReference; fileEncoding = 4; lastKnownFileType = sourcecode.c.objc; path = SRContentService.m; sourceTree = "<group>"; };
		F65164EB1D06D3DD003F7183 /* SRDataException.h */ = {isa = PBXFileReference; fileEncoding = 4; lastKnownFileType = sourcecode.c.h; path = SRDataException.h; sourceTree = "<group>"; };
		F65164EC1D06D3DD003F7183 /* SRDataException.m */ = {isa = PBXFileReference; fileEncoding = 4; lastKnownFileType = sourcecode.c.objc; path = SRDataException.m; sourceTree = "<group>"; };
		F65164EE1D06D3DD003F7183 /* SRHomeService.h */ = {isa = PBXFileReference; fileEncoding = 4; lastKnownFileType = sourcecode.c.h; path = SRHomeService.h; sourceTree = "<group>"; };
		F65164EF1D06D3DD003F7183 /* SRHomeService.m */ = {isa = PBXFileReference; fileEncoding = 4; lastKnownFileType = sourcecode.c.objc; path = SRHomeService.m; sourceTree = "<group>"; };
		F65164F11D06D3DD003F7183 /* SRMemberService.h */ = {isa = PBXFileReference; fileEncoding = 4; lastKnownFileType = sourcecode.c.h; path = SRMemberService.h; sourceTree = "<group>"; };
		F65164F21D06D3DD003F7183 /* SRMemberService.m */ = {isa = PBXFileReference; fileEncoding = 4; lastKnownFileType = sourcecode.c.objc; path = SRMemberService.m; sourceTree = "<group>"; };
		F65164F41D06D3DD003F7183 /* SRActivityService.h */ = {isa = PBXFileReference; fileEncoding = 4; lastKnownFileType = sourcecode.c.h; path = SRActivityService.h; sourceTree = "<group>"; };
		F65164F51D06D3DD003F7183 /* SRActivityService.m */ = {isa = PBXFileReference; fileEncoding = 4; lastKnownFileType = sourcecode.c.objc; path = SRActivityService.m; sourceTree = "<group>"; };
		F65164F61D06D3DD003F7183 /* SRPm9Service.h */ = {isa = PBXFileReference; fileEncoding = 4; lastKnownFileType = sourcecode.c.h; path = SRPm9Service.h; sourceTree = "<group>"; };
		F65164F71D06D3DD003F7183 /* SRPm9Service.m */ = {isa = PBXFileReference; fileEncoding = 4; lastKnownFileType = sourcecode.c.objc; path = SRPm9Service.m; sourceTree = "<group>"; };
		F65164F91D06D3DD003F7183 /* SRProductService.h */ = {isa = PBXFileReference; fileEncoding = 4; lastKnownFileType = sourcecode.c.h; path = SRProductService.h; sourceTree = "<group>"; };
		F65164FA1D06D3DD003F7183 /* SRProductService.m */ = {isa = PBXFileReference; fileEncoding = 4; lastKnownFileType = sourcecode.c.objc; path = SRProductService.m; sourceTree = "<group>"; };
		F65164FC1D06D3DD003F7183 /* SRPublicTestService.h */ = {isa = PBXFileReference; fileEncoding = 4; lastKnownFileType = sourcecode.c.h; path = SRPublicTestService.h; sourceTree = "<group>"; };
		F65164FD1D06D3DD003F7183 /* SRPublicTestService.m */ = {isa = PBXFileReference; fileEncoding = 4; lastKnownFileType = sourcecode.c.objc; path = SRPublicTestService.m; sourceTree = "<group>"; };
		F65164FF1D06D3DD003F7183 /* SRSkinTestService.h */ = {isa = PBXFileReference; fileEncoding = 4; lastKnownFileType = sourcecode.c.h; path = SRSkinTestService.h; sourceTree = "<group>"; };
		F65165001D06D3DD003F7183 /* SRSkinTestService.m */ = {isa = PBXFileReference; fileEncoding = 4; lastKnownFileType = sourcecode.c.objc; path = SRSkinTestService.m; sourceTree = "<group>"; };
		F65165011D06D3DD003F7183 /* SRDataDef.h */ = {isa = PBXFileReference; fileEncoding = 4; lastKnownFileType = sourcecode.c.h; path = SRDataDef.h; sourceTree = "<group>"; };
		F65165021D06D3DD003F7183 /* SRDataDef.m */ = {isa = PBXFileReference; fileEncoding = 4; lastKnownFileType = sourcecode.c.objc; path = SRDataDef.m; sourceTree = "<group>"; };
		F65165031D06D3DD003F7183 /* SRDataManager.h */ = {isa = PBXFileReference; fileEncoding = 4; lastKnownFileType = sourcecode.c.h; path = SRDataManager.h; sourceTree = "<group>"; };
		F65165041D06D3DD003F7183 /* SRDataManager.m */ = {isa = PBXFileReference; fileEncoding = 4; lastKnownFileType = sourcecode.c.objc; path = SRDataManager.m; sourceTree = "<group>"; };
		F65165051D06D3DD003F7183 /* SRWebService.h */ = {isa = PBXFileReference; fileEncoding = 4; lastKnownFileType = sourcecode.c.h; path = SRWebService.h; sourceTree = "<group>"; };
		F65165061D06D3DD003F7183 /* SRWebService.m */ = {isa = PBXFileReference; fileEncoding = 4; lastKnownFileType = sourcecode.c.objc; path = SRWebService.m; sourceTree = "<group>"; };
		F65165081D06D3DD003F7183 /* SRTrainingPlan.h */ = {isa = PBXFileReference; fileEncoding = 4; lastKnownFileType = sourcecode.c.h; path = SRTrainingPlan.h; sourceTree = "<group>"; };
		F65165091D06D3DD003F7183 /* SRTrainingPlan.m */ = {isa = PBXFileReference; fileEncoding = 4; lastKnownFileType = sourcecode.c.objc; path = SRTrainingPlan.m; sourceTree = "<group>"; };
		F651650B1D06D3DD003F7183 /* SRCartService.h */ = {isa = PBXFileReference; fileEncoding = 4; lastKnownFileType = sourcecode.c.h; path = SRCartService.h; sourceTree = "<group>"; };
		F651650C1D06D3DD003F7183 /* SRCartService.m */ = {isa = PBXFileReference; fileEncoding = 4; lastKnownFileType = sourcecode.c.objc; path = SRCartService.m; sourceTree = "<group>"; };
		F651650D1D06D3DD003F7183 /* SRWelfareService.h */ = {isa = PBXFileReference; fileEncoding = 4; lastKnownFileType = sourcecode.c.h; path = SRWelfareService.h; sourceTree = "<group>"; };
		F651650E1D06D3DD003F7183 /* SRWelfareService.m */ = {isa = PBXFileReference; fileEncoding = 4; lastKnownFileType = sourcecode.c.objc; path = SRWelfareService.m; sourceTree = "<group>"; };
		F651650F1D06D3DD003F7183 /* SRKit.h */ = {isa = PBXFileReference; fileEncoding = 4; lastKnownFileType = sourcecode.c.h; path = SRKit.h; sourceTree = "<group>"; };
		F65165111D06D3DD003F7183 /* RKSerialization.h */ = {isa = PBXFileReference; fileEncoding = 4; lastKnownFileType = sourcecode.c.h; path = RKSerialization.h; sourceTree = "<group>"; };
		F65165121D06D3DD003F7183 /* RKURLEncodedSerialization.h */ = {isa = PBXFileReference; fileEncoding = 4; lastKnownFileType = sourcecode.c.h; path = RKURLEncodedSerialization.h; sourceTree = "<group>"; };
		F65165131D06D3DD003F7183 /* RKURLEncodedSerialization.m */ = {isa = PBXFileReference; fileEncoding = 4; lastKnownFileType = sourcecode.c.objc; path = RKURLEncodedSerialization.m; sourceTree = "<group>"; };
		F65165141D06D3DD003F7183 /* SRDeviceUtilties.h */ = {isa = PBXFileReference; fileEncoding = 4; lastKnownFileType = sourcecode.c.h; path = SRDeviceUtilties.h; sourceTree = "<group>"; };
		F65165151D06D3DD003F7183 /* SRDeviceUtilties.m */ = {isa = PBXFileReference; fileEncoding = 4; lastKnownFileType = sourcecode.c.objc; path = SRDeviceUtilties.m; sourceTree = "<group>"; };
		F65165161D06D3DD003F7183 /* SRDictionaryUtilities.h */ = {isa = PBXFileReference; fileEncoding = 4; lastKnownFileType = sourcecode.c.h; path = SRDictionaryUtilities.h; sourceTree = "<group>"; };
		F65165171D06D3DD003F7183 /* SRDictionaryUtilities.m */ = {isa = PBXFileReference; fileEncoding = 4; lastKnownFileType = sourcecode.c.objc; path = SRDictionaryUtilities.m; sourceTree = "<group>"; };
		F65165191D06D3DD003F7183 /* CNavigationController.h */ = {isa = PBXFileReference; fileEncoding = 4; lastKnownFileType = sourcecode.c.h; path = CNavigationController.h; sourceTree = "<group>"; };
		F651651A1D06D3DD003F7183 /* CNavigationController.m */ = {isa = PBXFileReference; fileEncoding = 4; lastKnownFileType = sourcecode.c.objc; path = CNavigationController.m; sourceTree = "<group>"; };
		F651651B1D06D3DD003F7183 /* CUIEnginer.h */ = {isa = PBXFileReference; fileEncoding = 4; lastKnownFileType = sourcecode.c.h; path = CUIEnginer.h; sourceTree = "<group>"; };
		F651651C1D06D3DD003F7183 /* CUIEnginer.m */ = {isa = PBXFileReference; fileEncoding = 4; lastKnownFileType = sourcecode.c.objc; path = CUIEnginer.m; sourceTree = "<group>"; };
		F651651D1D06D3DD003F7183 /* CUIKit.h */ = {isa = PBXFileReference; fileEncoding = 4; lastKnownFileType = sourcecode.c.h; path = CUIKit.h; sourceTree = "<group>"; };
		F651651F1D06D3DD003F7183 /* WCAlertView.h */ = {isa = PBXFileReference; fileEncoding = 4; lastKnownFileType = sourcecode.c.h; path = WCAlertView.h; sourceTree = "<group>"; };
		F65165201D06D3DD003F7183 /* WCAlertView.m */ = {isa = PBXFileReference; fileEncoding = 4; lastKnownFileType = sourcecode.c.objc; path = WCAlertView.m; sourceTree = "<group>"; };
		F65165221D06D3DD003F7183 /* YALSunnyRefreshControl.h */ = {isa = PBXFileReference; fileEncoding = 4; lastKnownFileType = sourcecode.c.h; path = YALSunnyRefreshControl.h; sourceTree = "<group>"; };
		F65165231D06D3DD003F7183 /* YALSunnyRefreshControl.m */ = {isa = PBXFileReference; fileEncoding = 4; lastKnownFileType = sourcecode.c.objc; path = YALSunnyRefreshControl.m; sourceTree = "<group>"; };
		F65165241D06D3DD003F7183 /* YALSunnyRefreshControl.xib */ = {isa = PBXFileReference; fileEncoding = 4; lastKnownFileType = file.xib; path = YALSunnyRefreshControl.xib; sourceTree = "<group>"; };
		F65165971D06D405003F7183 /* PrefixHeader.pch */ = {isa = PBXFileReference; fileEncoding = 4; lastKnownFileType = sourcecode.c.h; path = PrefixHeader.pch; sourceTree = "<group>"; };
/* End PBXFileReference section */

/* Begin PBXFrameworksBuildPhase section */
		F65164871D06D3B5003F7183 /* Frameworks */ = {
			isa = PBXFrameworksBuildPhase;
			buildActionMask = 2147483647;
			files = (
			);
			runOnlyForDeploymentPostprocessing = 0;
		};
/* End PBXFrameworksBuildPhase section */

/* Begin PBXGroup section */
		F65164811D06D3B5003F7183 = {
			isa = PBXGroup;
			children = (
				F651648D1D06D3B5003F7183 /* SRVender */,
				F651648C1D06D3B5003F7183 /* Products */,
			);
			sourceTree = "<group>";
		};
		F651648C1D06D3B5003F7183 /* Products */ = {
			isa = PBXGroup;
			children = (
				F651648B1D06D3B5003F7183 /* SRVender.framework */,
			);
			name = Products;
			sourceTree = "<group>";
		};
		F651648D1D06D3B5003F7183 /* SRVender */ = {
			isa = PBXGroup;
			children = (
				F65165971D06D405003F7183 /* PrefixHeader.pch */,
				F65164961D06D3DD003F7183 /* SRVendor */,
				F651648E1D06D3B5003F7183 /* SRVender.h */,
				F65164901D06D3B5003F7183 /* Info.plist */,
			);
			path = SRVender;
			sourceTree = "<group>";
		};
		F65164961D06D3DD003F7183 /* SRVendor */ = {
			isa = PBXGroup;
			children = (
				F65164971D06D3DD003F7183 /* AFNetworking */,
				F65164C01D06D3DD003F7183 /* AppConfig.h */,
				F65164C11D06D3DD003F7183 /* AppConfig.m */,
				F65164C21D06D3DD003F7183 /* Info.plist */,
				F65164C31D06D3DD003F7183 /* PrefixHeader.pch */,
				F65164C61D06D3DD003F7183 /* SRTest.h */,
				F65164C71D06D3DD003F7183 /* SRTest.m */,
				F65164C81D06D3DD003F7183 /* SRVendor.h */,
				F65164C91D06D3DD003F7183 /* Vendor */,
			);
			path = SRVendor;
			sourceTree = "<group>";
		};
		F65164971D06D3DD003F7183 /* AFNetworking */ = {
			isa = PBXGroup;
			children = (
				F65164981D06D3DD003F7183 /* AFNetworking */,
				F65164AC1D06D3DD003F7183 /* LICENSE */,
				F65164AD1D06D3DD003F7183 /* README.md */,
				F65164AE1D06D3DD003F7183 /* UIKit+AFNetworking */,
			);
			path = AFNetworking;
			sourceTree = "<group>";
		};
		F65164981D06D3DD003F7183 /* AFNetworking */ = {
			isa = PBXGroup;
			children = (
				F65164991D06D3DD003F7183 /* AFHTTPRequestOperation.h */,
				F651649A1D06D3DD003F7183 /* AFHTTPRequestOperation.m */,
				F651649B1D06D3DD003F7183 /* AFHTTPRequestOperationManager.h */,
				F651649C1D06D3DD003F7183 /* AFHTTPRequestOperationManager.m */,
				F651649D1D06D3DD003F7183 /* AFHTTPSessionManager.h */,
				F651649E1D06D3DD003F7183 /* AFHTTPSessionManager.m */,
				F651649F1D06D3DD003F7183 /* AFNetworking.h */,
				F65164A01D06D3DD003F7183 /* AFNetworkReachabilityManager.h */,
				F65164A11D06D3DD003F7183 /* AFNetworkReachabilityManager.m */,
				F65164A21D06D3DD003F7183 /* AFSecurityPolicy.h */,
				F65164A31D06D3DD003F7183 /* AFSecurityPolicy.m */,
				F65164A41D06D3DD003F7183 /* AFURLConnectionOperation.h */,
				F65164A51D06D3DD003F7183 /* AFURLConnectionOperation.m */,
				F65164A61D06D3DD003F7183 /* AFURLRequestSerialization.h */,
				F65164A71D06D3DD003F7183 /* AFURLRequestSerialization.m */,
				F65164A81D06D3DD003F7183 /* AFURLResponseSerialization.h */,
				F65164A91D06D3DD003F7183 /* AFURLResponseSerialization.m */,
				F65164AA1D06D3DD003F7183 /* AFURLSessionManager.h */,
				F65164AB1D06D3DD003F7183 /* AFURLSessionManager.m */,
			);
			path = AFNetworking;
			sourceTree = "<group>";
		};
		F65164AE1D06D3DD003F7183 /* UIKit+AFNetworking */ = {
			isa = PBXGroup;
			children = (
				F65164AF1D06D3DD003F7183 /* AFNetworkActivityIndicatorManager.h */,
				F65164B01D06D3DD003F7183 /* AFNetworkActivityIndicatorManager.m */,
				F65164B11D06D3DD003F7183 /* UIActivityIndicatorView+AFNetworking.h */,
				F65164B21D06D3DD003F7183 /* UIActivityIndicatorView+AFNetworking.m */,
				F65164B31D06D3DD003F7183 /* UIAlertView+AFNetworking.h */,
				F65164B41D06D3DD003F7183 /* UIAlertView+AFNetworking.m */,
				F65164B51D06D3DD003F7183 /* UIButton+AFNetworking.h */,
				F65164B61D06D3DD003F7183 /* UIButton+AFNetworking.m */,
				F65164B71D06D3DD003F7183 /* UIImageView+AFNetworking.h */,
				F65164B81D06D3DD003F7183 /* UIImageView+AFNetworking.m */,
				F65164B91D06D3DD003F7183 /* UIKit+AFNetworking.h */,
				F65164BA1D06D3DD003F7183 /* UIProgressView+AFNetworking.h */,
				F65164BB1D06D3DD003F7183 /* UIProgressView+AFNetworking.m */,
				F65164BC1D06D3DD003F7183 /* UIRefreshControl+AFNetworking.h */,
				F65164BD1D06D3DD003F7183 /* UIRefreshControl+AFNetworking.m */,
				F65164BE1D06D3DD003F7183 /* UIWebView+AFNetworking.h */,
				F65164BF1D06D3DD003F7183 /* UIWebView+AFNetworking.m */,
			);
			path = "UIKit+AFNetworking";
			sourceTree = "<group>";
		};
		F65164C91D06D3DD003F7183 /* Vendor */ = {
			isa = PBXGroup;
			children = (
				F65164CA1D06D3DD003F7183 /* Foundation */,
				F65164D71D06D3DD003F7183 /* Security */,
				F65164DC1D06D3DD003F7183 /* SRKit */,
				F65165181D06D3DD003F7183 /* UIKit */,
			);
			path = Vendor;
			sourceTree = "<group>";
		};
		F65164CA1D06D3DD003F7183 /* Foundation */ = {
			isa = PBXGroup;
			children = (
				F65164CB1D06D3DD003F7183 /* AppResource.h */,
				F65164CC1D06D3DD003F7183 /* AppResource.m */,
				F65164CD1D06D3DD003F7183 /* CKStringUtils */,
				F65164D01D06D3DD003F7183 /* NSDictionary+STHelper */,
			);
			path = Foundation;
			sourceTree = "<group>";
		};
		F65164CD1D06D3DD003F7183 /* CKStringUtils */ = {
			isa = PBXGroup;
			children = (
				F65164CE1D06D3DD003F7183 /* CKStringUtils.h */,
				F65164CF1D06D3DD003F7183 /* CKStringUtils.m */,
			);
			path = CKStringUtils;
			sourceTree = "<group>";
		};
		F65164D01D06D3DD003F7183 /* NSDictionary+STHelper */ = {
			isa = PBXGroup;
			children = (
				F65164D11D06D3DD003F7183 /* LICENSE.txt */,
				F65164D21D06D3DD003F7183 /* NSDictionary+STHelper-Prefix.pch */,
				F65164D31D06D3DD003F7183 /* NSDictionary+STHelper.h */,
				F65164D41D06D3DD003F7183 /* NSDictionary+STHelper.m */,
				F65164D51D06D3DD003F7183 /* NSMutableDictionary+STHelper.h */,
				F65164D61D06D3DD003F7183 /* NSMutableDictionary+STHelper.m */,
			);
			path = "NSDictionary+STHelper";
			sourceTree = "<group>";
		};
		F65164D71D06D3DD003F7183 /* Security */ = {
			isa = PBXGroup;
			children = (
				F65164D81D06D3DD003F7183 /* SSKeychain */,
			);
			path = Security;
			sourceTree = "<group>";
		};
		F65164D81D06D3DD003F7183 /* SSKeychain */ = {
			isa = PBXGroup;
			children = (
				F65164D91D06D3DD003F7183 /* LICENSE */,
				F65164DA1D06D3DD003F7183 /* SSKeychain.h */,
				F65164DB1D06D3DD003F7183 /* SSKeychain.m */,
			);
			path = SSKeychain;
			sourceTree = "<group>";
		};
		F65164DC1D06D3DD003F7183 /* SRKit */ = {
			isa = PBXGroup;
			children = (
				F65164DD1D06D3DD003F7183 /* Additions */,
				F65164E01D06D3DD003F7183 /* DataKit */,
				F651650F1D06D3DD003F7183 /* SRKit.h */,
				F65165101D06D3DD003F7183 /* Support */,
			);
			path = SRKit;
			sourceTree = "<group>";
		};
		F65164DD1D06D3DD003F7183 /* Additions */ = {
			isa = PBXGroup;
			children = (
				F65164DE1D06D3DD003F7183 /* NSDictionary+SRHelper.h */,
				F65164DF1D06D3DD003F7183 /* NSDictionary+SRHelper.m */,
			);
			path = Additions;
			sourceTree = "<group>";
		};
		F65164E01D06D3DD003F7183 /* DataKit */ = {
			isa = PBXGroup;
			children = (
				F65164E11D06D3DD003F7183 /* Articles */,
				F65164E41D06D3DD003F7183 /* Broke */,
				F65164E71D06D3DD003F7183 /* Content */,
				F65164EA1D06D3DD003F7183 /* Excpetion */,
				F65164ED1D06D3DD003F7183 /* Home */,
				F65164F01D06D3DD003F7183 /* Member */,
				F65164F31D06D3DD003F7183 /* Pm9 */,
				F65164F81D06D3DD003F7183 /* Product */,
				F65164FB1D06D3DD003F7183 /* PublicTest */,
				F65164FE1D06D3DD003F7183 /* SkinTest */,
				F65165011D06D3DD003F7183 /* SRDataDef.h */,
				F65165021D06D3DD003F7183 /* SRDataDef.m */,
				F65165031D06D3DD003F7183 /* SRDataManager.h */,
				F65165041D06D3DD003F7183 /* SRDataManager.m */,
				F65165051D06D3DD003F7183 /* SRWebService.h */,
				F65165061D06D3DD003F7183 /* SRWebService.m */,
				F65165071D06D3DD003F7183 /* Trainings */,
				F651650A1D06D3DD003F7183 /* Welfare */,
			);
			path = DataKit;
			sourceTree = "<group>";
		};
		F65164E11D06D3DD003F7183 /* Articles */ = {
			isa = PBXGroup;
			children = (
				F65164E21D06D3DD003F7183 /* SRCategoryService.h */,
				F65164E31D06D3DD003F7183 /* SRCategoryService.m */,
			);
			path = Articles;
			sourceTree = "<group>";
		};
		F65164E41D06D3DD003F7183 /* Broke */ = {
			isa = PBXGroup;
			children = (
				F65164E51D06D3DD003F7183 /* SRBrokeService.h */,
				F65164E61D06D3DD003F7183 /* SRBrokeService.m */,
			);
			path = Broke;
			sourceTree = "<group>";
		};
		F65164E71D06D3DD003F7183 /* Content */ = {
			isa = PBXGroup;
			children = (
				F65164E81D06D3DD003F7183 /* SRContentService.h */,
				F65164E91D06D3DD003F7183 /* SRContentService.m */,
			);
			path = Content;
			sourceTree = "<group>";
		};
		F65164EA1D06D3DD003F7183 /* Excpetion */ = {
			isa = PBXGroup;
			children = (
				F65164EB1D06D3DD003F7183 /* SRDataException.h */,
				F65164EC1D06D3DD003F7183 /* SRDataException.m */,
			);
			path = Excpetion;
			sourceTree = "<group>";
		};
		F65164ED1D06D3DD003F7183 /* Home */ = {
			isa = PBXGroup;
			children = (
				F65164EE1D06D3DD003F7183 /* SRHomeService.h */,
				F65164EF1D06D3DD003F7183 /* SRHomeService.m */,
			);
			path = Home;
			sourceTree = "<group>";
		};
		F65164F01D06D3DD003F7183 /* Member */ = {
			isa = PBXGroup;
			children = (
				F65164F11D06D3DD003F7183 /* SRMemberService.h */,
				F65164F21D06D3DD003F7183 /* SRMemberService.m */,
			);
			path = Member;
			sourceTree = "<group>";
		};
		F65164F31D06D3DD003F7183 /* Pm9 */ = {
			isa = PBXGroup;
			children = (
				F65164F41D06D3DD003F7183 /* SRActivityService.h */,
				F65164F51D06D3DD003F7183 /* SRActivityService.m */,
				F65164F61D06D3DD003F7183 /* SRPm9Service.h */,
				F65164F71D06D3DD003F7183 /* SRPm9Service.m */,
			);
			path = Pm9;
			sourceTree = "<group>";
		};
		F65164F81D06D3DD003F7183 /* Product */ = {
			isa = PBXGroup;
			children = (
				F65164F91D06D3DD003F7183 /* SRProductService.h */,
				F65164FA1D06D3DD003F7183 /* SRProductService.m */,
			);
			path = Product;
			sourceTree = "<group>";
		};
		F65164FB1D06D3DD003F7183 /* PublicTest */ = {
			isa = PBXGroup;
			children = (
				F65164FC1D06D3DD003F7183 /* SRPublicTestService.h */,
				F65164FD1D06D3DD003F7183 /* SRPublicTestService.m */,
			);
			path = PublicTest;
			sourceTree = "<group>";
		};
		F65164FE1D06D3DD003F7183 /* SkinTest */ = {
			isa = PBXGroup;
			children = (
				F65164FF1D06D3DD003F7183 /* SRSkinTestService.h */,
				F65165001D06D3DD003F7183 /* SRSkinTestService.m */,
			);
			path = SkinTest;
			sourceTree = "<group>";
		};
		F65165071D06D3DD003F7183 /* Trainings */ = {
			isa = PBXGroup;
			children = (
				F65165081D06D3DD003F7183 /* SRTrainingPlan.h */,
				F65165091D06D3DD003F7183 /* SRTrainingPlan.m */,
			);
			path = Trainings;
			sourceTree = "<group>";
		};
		F651650A1D06D3DD003F7183 /* Welfare */ = {
			isa = PBXGroup;
			children = (
				F651650B1D06D3DD003F7183 /* SRCartService.h */,
				F651650C1D06D3DD003F7183 /* SRCartService.m */,
				F651650D1D06D3DD003F7183 /* SRWelfareService.h */,
				F651650E1D06D3DD003F7183 /* SRWelfareService.m */,
			);
			path = Welfare;
			sourceTree = "<group>";
		};
		F65165101D06D3DD003F7183 /* Support */ = {
			isa = PBXGroup;
			children = (
				F65165111D06D3DD003F7183 /* RKSerialization.h */,
				F65165121D06D3DD003F7183 /* RKURLEncodedSerialization.h */,
				F65165131D06D3DD003F7183 /* RKURLEncodedSerialization.m */,
				F65165141D06D3DD003F7183 /* SRDeviceUtilties.h */,
				F65165151D06D3DD003F7183 /* SRDeviceUtilties.m */,
				F65165161D06D3DD003F7183 /* SRDictionaryUtilities.h */,
				F65165171D06D3DD003F7183 /* SRDictionaryUtilities.m */,
			);
			path = Support;
			sourceTree = "<group>";
		};
		F65165181D06D3DD003F7183 /* UIKit */ = {
			isa = PBXGroup;
			children = (
				F65165191D06D3DD003F7183 /* CNavigationController.h */,
				F651651A1D06D3DD003F7183 /* CNavigationController.m */,
				F651651B1D06D3DD003F7183 /* CUIEnginer.h */,
				F651651C1D06D3DD003F7183 /* CUIEnginer.m */,
				F651651D1D06D3DD003F7183 /* CUIKit.h */,
				F651651E1D06D3DD003F7183 /* WCAlertView */,
				F65165211D06D3DD003F7183 /* YALSunnyRefreshControll */,
			);
			path = UIKit;
			sourceTree = "<group>";
		};
		F651651E1D06D3DD003F7183 /* WCAlertView */ = {
			isa = PBXGroup;
			children = (
				F651651F1D06D3DD003F7183 /* WCAlertView.h */,
				F65165201D06D3DD003F7183 /* WCAlertView.m */,
			);
			path = WCAlertView;
			sourceTree = "<group>";
		};
		F65165211D06D3DD003F7183 /* YALSunnyRefreshControll */ = {
			isa = PBXGroup;
			children = (
				F65165221D06D3DD003F7183 /* YALSunnyRefreshControl.h */,
				F65165231D06D3DD003F7183 /* YALSunnyRefreshControl.m */,
				F65165241D06D3DD003F7183 /* YALSunnyRefreshControl.xib */,
			);
			path = YALSunnyRefreshControll;
			sourceTree = "<group>";
		};
/* End PBXGroup section */

/* Begin PBXHeadersBuildPhase section */
		F65164881D06D3B5003F7183 /* Headers */ = {
			isa = PBXHeadersBuildPhase;
			buildActionMask = 2147483647;
			files = (
				F65165671D06D3DD003F7183 /* SRContentService.h in Headers */,
				F65165441D06D3DD003F7183 /* UIKit+AFNetworking.h in Headers */,
				F65165451D06D3DD003F7183 /* UIProgressView+AFNetworking.h in Headers */,
				F651655A1D06D3DD003F7183 /* NSDictionary+STHelper.h in Headers */,
				F651657D1D06D3DD003F7183 /* SRWebService.h in Headers */,
				F65165811D06D3DD003F7183 /* SRCartService.h in Headers */,
				F65165361D06D3DD003F7183 /* AFURLSessionManager.h in Headers */,
				F65165511D06D3DD003F7183 /* SRTest.h in Headers */,
				F65165861D06D3DD003F7183 /* RKSerialization.h in Headers */,
				F65165321D06D3DD003F7183 /* AFURLRequestSerialization.h in Headers */,
				F65165791D06D3DD003F7183 /* SRDataDef.h in Headers */,
				F65165731D06D3DD003F7183 /* SRProductService.h in Headers */,
				F651658B1D06D3DD003F7183 /* SRDictionaryUtilities.h in Headers */,
				F651656D1D06D3DD003F7183 /* SRMemberService.h in Headers */,
				F65165711D06D3DD003F7183 /* SRPm9Service.h in Headers */,
				F65165771D06D3DD003F7183 /* SRSkinTestService.h in Headers */,
				F651657F1D06D3DD003F7183 /* SRTrainingPlan.h in Headers */,
				F651648F1D06D3B5003F7183 /* SRVender.h in Headers */,
				F65165251D06D3DD003F7183 /* AFHTTPRequestOperation.h in Headers */,
				F65165291D06D3DD003F7183 /* AFHTTPSessionManager.h in Headers */,
				F651655C1D06D3DD003F7183 /* NSMutableDictionary+STHelper.h in Headers */,
				F65165561D06D3DD003F7183 /* CKStringUtils.h in Headers */,
				F65165871D06D3DD003F7183 /* RKURLEncodedSerialization.h in Headers */,
				F65165891D06D3DD003F7183 /* SRDeviceUtilties.h in Headers */,
				F65165491D06D3DD003F7183 /* UIWebView+AFNetworking.h in Headers */,
				F65165831D06D3DD003F7183 /* SRWelfareService.h in Headers */,
				F65165911D06D3DD003F7183 /* CUIKit.h in Headers */,
				F651655F1D06D3DD003F7183 /* SSKeychain.h in Headers */,
				F65165651D06D3DD003F7183 /* SRBrokeService.h in Headers */,
				F65165591D06D3DD003F7183 /* NSDictionary+STHelper-Prefix.pch in Headers */,
				F65165941D06D3DD003F7183 /* YALSunnyRefreshControl.h in Headers */,
				F651653E1D06D3DD003F7183 /* UIAlertView+AFNetworking.h in Headers */,
				F65165691D06D3DD003F7183 /* SRDataException.h in Headers */,
				F65165531D06D3DD003F7183 /* SRVendor.h in Headers */,
				F65165751D06D3DD003F7183 /* SRPublicTestService.h in Headers */,
				F651656B1D06D3DD003F7183 /* SRHomeService.h in Headers */,
				F65165421D06D3DD003F7183 /* UIImageView+AFNetworking.h in Headers */,
				F651658F1D06D3DD003F7183 /* CUIEnginer.h in Headers */,
				F651657B1D06D3DD003F7183 /* SRDataManager.h in Headers */,
				F651656F1D06D3DD003F7183 /* SRActivityService.h in Headers */,
				F65165851D06D3DD003F7183 /* SRKit.h in Headers */,
				F65165301D06D3DD003F7183 /* AFURLConnectionOperation.h in Headers */,
				F651654B1D06D3DD003F7183 /* AppConfig.h in Headers */,
				F65165981D06D405003F7183 /* PrefixHeader.pch in Headers */,
				F65165631D06D3DD003F7183 /* SRCategoryService.h in Headers */,
				F65165921D06D3DD003F7183 /* WCAlertView.h in Headers */,
				F65165611D06D3DD003F7183 /* NSDictionary+SRHelper.h in Headers */,
				F651658D1D06D3DD003F7183 /* CNavigationController.h in Headers */,
				F651654E1D06D3DD003F7183 /* PrefixHeader.pch in Headers */,
				F65165541D06D3DD003F7183 /* AppResource.h in Headers */,
				F65165471D06D3DD003F7183 /* UIRefreshControl+AFNetworking.h in Headers */,
				F651652C1D06D3DD003F7183 /* AFNetworkReachabilityManager.h in Headers */,
				F651652E1D06D3DD003F7183 /* AFSecurityPolicy.h in Headers */,
				F65165271D06D3DD003F7183 /* AFHTTPRequestOperationManager.h in Headers */,
				F651652B1D06D3DD003F7183 /* AFNetworking.h in Headers */,
				F65165401D06D3DD003F7183 /* UIButton+AFNetworking.h in Headers */,
				F65165341D06D3DD003F7183 /* AFURLResponseSerialization.h in Headers */,
				F651653A1D06D3DD003F7183 /* AFNetworkActivityIndicatorManager.h in Headers */,
				F651653C1D06D3DD003F7183 /* UIActivityIndicatorView+AFNetworking.h in Headers */,
			);
			runOnlyForDeploymentPostprocessing = 0;
		};
/* End PBXHeadersBuildPhase section */

/* Begin PBXNativeTarget section */
		F651648A1D06D3B5003F7183 /* SRVender */ = {
			isa = PBXNativeTarget;
			buildConfigurationList = F65164931D06D3B5003F7183 /* Build configuration list for PBXNativeTarget "SRVender" */;
			buildPhases = (
				F65164861D06D3B5003F7183 /* Sources */,
				F65164871D06D3B5003F7183 /* Frameworks */,
				F65164881D06D3B5003F7183 /* Headers */,
				F65164891D06D3B5003F7183 /* Resources */,
			);
			buildRules = (
			);
			dependencies = (
			);
			name = SRVender;
			productName = SRVender;
			productReference = F651648B1D06D3B5003F7183 /* SRVender.framework */;
			productType = "com.apple.product-type.framework";
		};
/* End PBXNativeTarget section */

/* Begin PBXProject section */
		F65164821D06D3B5003F7183 /* Project object */ = {
			isa = PBXProject;
			attributes = {
				LastUpgradeCheck = 0730;
				ORGANIZATIONNAME = LiHao;
				TargetAttributes = {
					F651648A1D06D3B5003F7183 = {
						CreatedOnToolsVersion = 7.3.1;
					};
				};
			};
			buildConfigurationList = F65164851D06D3B5003F7183 /* Build configuration list for PBXProject "SRVender" */;
			compatibilityVersion = "Xcode 3.2";
			developmentRegion = English;
			hasScannedForEncodings = 0;
			knownRegions = (
				en,
			);
			mainGroup = F65164811D06D3B5003F7183;
			productRefGroup = F651648C1D06D3B5003F7183 /* Products */;
			projectDirPath = "";
			projectRoot = "";
			targets = (
				F651648A1D06D3B5003F7183 /* SRVender */,
			);
		};
/* End PBXProject section */

/* Begin PBXResourcesBuildPhase section */
		F65164891D06D3B5003F7183 /* Resources */ = {
			isa = PBXResourcesBuildPhase;
			buildActionMask = 2147483647;
			files = (
				F65165581D06D3DD003F7183 /* LICENSE.txt in Resources */,
				F651654D1D06D3DD003F7183 /* Info.plist in Resources */,
				F65165961D06D3DD003F7183 /* YALSunnyRefreshControl.xib in Resources */,
				F651655E1D06D3DD003F7183 /* LICENSE in Resources */,
				F65165381D06D3DD003F7183 /* LICENSE in Resources */,
			);
			runOnlyForDeploymentPostprocessing = 0;
		};
/* End PBXResourcesBuildPhase section */

/* Begin PBXSourcesBuildPhase section */
		F65164861D06D3B5003F7183 /* Sources */ = {
			isa = PBXSourcesBuildPhase;
			buildActionMask = 2147483647;
			files = (
				F65165461D06D3DD003F7183 /* UIProgressView+AFNetworking.m in Sources */,
				F65165931D06D3DD003F7183 /* WCAlertView.m in Sources */,
				F65165841D06D3DD003F7183 /* SRWelfareService.m in Sources */,
				F651657E1D06D3DD003F7183 /* SRWebService.m in Sources */,
				F65165371D06D3DD003F7183 /* AFURLSessionManager.m in Sources */,
				F651654A1D06D3DD003F7183 /* UIWebView+AFNetworking.m in Sources */,
				F65165431D06D3DD003F7183 /* UIImageView+AFNetworking.m in Sources */,
				F651652A1D06D3DD003F7183 /* AFHTTPSessionManager.m in Sources */,
				F65165601D06D3DD003F7183 /* SSKeychain.m in Sources */,
				F65165821D06D3DD003F7183 /* SRCartService.m in Sources */,
				F65165641D06D3DD003F7183 /* SRCategoryService.m in Sources */,
				F65165411D06D3DD003F7183 /* UIButton+AFNetworking.m in Sources */,
				F651658C1D06D3DD003F7183 /* SRDictionaryUtilities.m in Sources */,
				F651654C1D06D3DD003F7183 /* AppConfig.m in Sources */,
				F65165781D06D3DD003F7183 /* SRSkinTestService.m in Sources */,
				F651658A1D06D3DD003F7183 /* SRDeviceUtilties.m in Sources */,
				F651656C1D06D3DD003F7183 /* SRHomeService.m in Sources */,
				F651653F1D06D3DD003F7183 /* UIAlertView+AFNetworking.m in Sources */,
				F651657C1D06D3DD003F7183 /* SRDataManager.m in Sources */,
				F651656A1D06D3DD003F7183 /* SRDataException.m in Sources */,
				F65165391D06D3DD003F7183 /* README.md in Sources */,
				F65165481D06D3DD003F7183 /* UIRefreshControl+AFNetworking.m in Sources */,
				F651652F1D06D3DD003F7183 /* AFSecurityPolicy.m in Sources */,
				F651653B1D06D3DD003F7183 /* AFNetworkActivityIndicatorManager.m in Sources */,
				F65165281D06D3DD003F7183 /* AFHTTPRequestOperationManager.m in Sources */,
				F65165901D06D3DD003F7183 /* CUIEnginer.m in Sources */,
				F651653D1D06D3DD003F7183 /* UIActivityIndicatorView+AFNetworking.m in Sources */,
				F651658E1D06D3DD003F7183 /* CNavigationController.m in Sources */,
				F651652D1D06D3DD003F7183 /* AFNetworkReachabilityManager.m in Sources */,
				F65165311D06D3DD003F7183 /* AFURLConnectionOperation.m in Sources */,
				F65165761D06D3DD003F7183 /* SRPublicTestService.m in Sources */,
				F65165661D06D3DD003F7183 /* SRBrokeService.m in Sources */,
				F65165571D06D3DD003F7183 /* CKStringUtils.m in Sources */,
				F651656E1D06D3DD003F7183 /* SRMemberService.m in Sources */,
				F651657A1D06D3DD003F7183 /* SRDataDef.m in Sources */,
				F65165681D06D3DD003F7183 /* SRContentService.m in Sources */,
				F65165331D06D3DD003F7183 /* AFURLRequestSerialization.m in Sources */,
				F65165701D06D3DD003F7183 /* SRActivityService.m in Sources */,
				F65165951D06D3DD003F7183 /* YALSunnyRefreshControl.m in Sources */,
				F65165621D06D3DD003F7183 /* NSDictionary+SRHelper.m in Sources */,
				F651655D1D06D3DD003F7183 /* NSMutableDictionary+STHelper.m in Sources */,
				F651655B1D06D3DD003F7183 /* NSDictionary+STHelper.m in Sources */,
				F65165801D06D3DD003F7183 /* SRTrainingPlan.m in Sources */,
				F65165351D06D3DD003F7183 /* AFURLResponseSerialization.m in Sources */,
				F65165551D06D3DD003F7183 /* AppResource.m in Sources */,
				F65165741D06D3DD003F7183 /* SRProductService.m in Sources */,
				F65165881D06D3DD003F7183 /* RKURLEncodedSerialization.m in Sources */,
				F65165521D06D3DD003F7183 /* SRTest.m in Sources */,
				F65165721D06D3DD003F7183 /* SRPm9Service.m in Sources */,
				F65165261D06D3DD003F7183 /* AFHTTPRequestOperation.m in Sources */,
			);
			runOnlyForDeploymentPostprocessing = 0;
		};
/* End PBXSourcesBuildPhase section */

/* Begin XCBuildConfiguration section */
		F65164911D06D3B5003F7183 /* Debug */ = {
			isa = XCBuildConfiguration;
			buildSettings = {
				ALWAYS_SEARCH_USER_PATHS = NO;
				CLANG_ANALYZER_NONNULL = YES;
				CLANG_CXX_LANGUAGE_STANDARD = "gnu++0x";
				CLANG_CXX_LIBRARY = "libc++";
				CLANG_ENABLE_MODULES = YES;
				CLANG_ENABLE_OBJC_ARC = YES;
				CLANG_WARN_BOOL_CONVERSION = YES;
				CLANG_WARN_CONSTANT_CONVERSION = YES;
				CLANG_WARN_DIRECT_OBJC_ISA_USAGE = YES_ERROR;
				CLANG_WARN_EMPTY_BODY = YES;
				CLANG_WARN_ENUM_CONVERSION = YES;
				CLANG_WARN_INT_CONVERSION = YES;
				CLANG_WARN_OBJC_ROOT_CLASS = YES_ERROR;
				CLANG_WARN_UNREACHABLE_CODE = YES;
				CLANG_WARN__DUPLICATE_METHOD_MATCH = YES;
				"CODE_SIGN_IDENTITY[sdk=iphoneos*]" = "iPhone Developer";
				COPY_PHASE_STRIP = NO;
				CURRENT_PROJECT_VERSION = 1;
				DEBUG_INFORMATION_FORMAT = dwarf;
				ENABLE_STRICT_OBJC_MSGSEND = YES;
				ENABLE_TESTABILITY = YES;
				GCC_C_LANGUAGE_STANDARD = gnu99;
				GCC_DYNAMIC_NO_PIC = NO;
				GCC_NO_COMMON_BLOCKS = YES;
				GCC_OPTIMIZATION_LEVEL = 0;
				GCC_PREPROCESSOR_DEFINITIONS = (
					"DEBUG=1",
					"$(inherited)",
				);
				GCC_WARN_64_TO_32_BIT_CONVERSION = YES;
				GCC_WARN_ABOUT_RETURN_TYPE = YES_ERROR;
				GCC_WARN_UNDECLARED_SELECTOR = YES;
				GCC_WARN_UNINITIALIZED_AUTOS = YES_AGGRESSIVE;
				GCC_WARN_UNUSED_FUNCTION = YES;
				GCC_WARN_UNUSED_VARIABLE = YES;
				IPHONEOS_DEPLOYMENT_TARGET = 9.3;
				MTL_ENABLE_DEBUG_INFO = YES;
				ONLY_ACTIVE_ARCH = YES;
				SDKROOT = iphoneos;
				TARGETED_DEVICE_FAMILY = "1,2";
				VERSIONING_SYSTEM = "apple-generic";
				VERSION_INFO_PREFIX = "";
			};
			name = Debug;
		};
		F65164921D06D3B5003F7183 /* Release */ = {
			isa = XCBuildConfiguration;
			buildSettings = {
				ALWAYS_SEARCH_USER_PATHS = NO;
				CLANG_ANALYZER_NONNULL = YES;
				CLANG_CXX_LANGUAGE_STANDARD = "gnu++0x";
				CLANG_CXX_LIBRARY = "libc++";
				CLANG_ENABLE_MODULES = YES;
				CLANG_ENABLE_OBJC_ARC = YES;
				CLANG_WARN_BOOL_CONVERSION = YES;
				CLANG_WARN_CONSTANT_CONVERSION = YES;
				CLANG_WARN_DIRECT_OBJC_ISA_USAGE = YES_ERROR;
				CLANG_WARN_EMPTY_BODY = YES;
				CLANG_WARN_ENUM_CONVERSION = YES;
				CLANG_WARN_INT_CONVERSION = YES;
				CLANG_WARN_OBJC_ROOT_CLASS = YES_ERROR;
				CLANG_WARN_UNREACHABLE_CODE = YES;
				CLANG_WARN__DUPLICATE_METHOD_MATCH = YES;
				"CODE_SIGN_IDENTITY[sdk=iphoneos*]" = "iPhone Developer";
				COPY_PHASE_STRIP = NO;
				CURRENT_PROJECT_VERSION = 1;
				DEBUG_INFORMATION_FORMAT = "dwarf-with-dsym";
				ENABLE_NS_ASSERTIONS = NO;
				ENABLE_STRICT_OBJC_MSGSEND = YES;
				GCC_C_LANGUAGE_STANDARD = gnu99;
				GCC_NO_COMMON_BLOCKS = YES;
				GCC_WARN_64_TO_32_BIT_CONVERSION = YES;
				GCC_WARN_ABOUT_RETURN_TYPE = YES_ERROR;
				GCC_WARN_UNDECLARED_SELECTOR = YES;
				GCC_WARN_UNINITIALIZED_AUTOS = YES_AGGRESSIVE;
				GCC_WARN_UNUSED_FUNCTION = YES;
				GCC_WARN_UNUSED_VARIABLE = YES;
				IPHONEOS_DEPLOYMENT_TARGET = 9.3;
				MTL_ENABLE_DEBUG_INFO = NO;
				SDKROOT = iphoneos;
				TARGETED_DEVICE_FAMILY = "1,2";
				VALIDATE_PRODUCT = YES;
				VERSIONING_SYSTEM = "apple-generic";
				VERSION_INFO_PREFIX = "";
			};
			name = Release;
		};
		F65164941D06D3B5003F7183 /* Debug */ = {
			isa = XCBuildConfiguration;
			buildSettings = {
				DEFINES_MODULE = YES;
				DYLIB_COMPATIBILITY_VERSION = 1;
				DYLIB_CURRENT_VERSION = 1;
				DYLIB_INSTALL_NAME_BASE = "@rpath";
				GCC_PRECOMPILE_PREFIX_HEADER = YES;
				GCC_PREFIX_HEADER = SRVender/PrefixHeader.pch;
				INFOPLIST_FILE = SRVender/Info.plist;
				INSTALL_PATH = "$(LOCAL_LIBRARY_DIR)/Frameworks";
				LD_RUNPATH_SEARCH_PATHS = "$(inherited) @executable_path/Frameworks @loader_path/Frameworks";
				PRODUCT_BUNDLE_IDENTIFIER = "----.SRVender";
				PRODUCT_NAME = "$(TARGET_NAME)";
				SKIP_INSTALL = YES;
			};
			name = Debug;
		};
		F65164951D06D3B5003F7183 /* Release */ = {
			isa = XCBuildConfiguration;
			buildSettings = {
				DEFINES_MODULE = YES;
				DYLIB_COMPATIBILITY_VERSION = 1;
				DYLIB_CURRENT_VERSION = 1;
				DYLIB_INSTALL_NAME_BASE = "@rpath";
				GCC_PRECOMPILE_PREFIX_HEADER = YES;
				GCC_PREFIX_HEADER = SRVender/PrefixHeader.pch;
				INFOPLIST_FILE = SRVender/Info.plist;
				INSTALL_PATH = "$(LOCAL_LIBRARY_DIR)/Frameworks";
				LD_RUNPATH_SEARCH_PATHS = "$(inherited) @executable_path/Frameworks @loader_path/Frameworks";
				PRODUCT_BUNDLE_IDENTIFIER = "----.SRVender";
				PRODUCT_NAME = "$(TARGET_NAME)";
				SKIP_INSTALL = YES;
			};
			name = Release;
		};
/* End XCBuildConfiguration section */

/* Begin XCConfigurationList section */
		F65164851D06D3B5003F7183 /* Build configuration list for PBXProject "SRVender" */ = {
			isa = XCConfigurationList;
			buildConfigurations = (
				F65164911D06D3B5003F7183 /* Debug */,
				F65164921D06D3B5003F7183 /* Release */,
			);
			defaultConfigurationIsVisible = 0;
			defaultConfigurationName = Release;
		};
		F65164931D06D3B5003F7183 /* Build configuration list for PBXNativeTarget "SRVender" */ = {
			isa = XCConfigurationList;
			buildConfigurations = (
				F65164941D06D3B5003F7183 /* Debug */,
				F65164951D06D3B5003F7183 /* Release */,
			);
			defaultConfigurationIsVisible = 0;
		};
/* End XCConfigurationList section */
	};
	rootObject = F65164821D06D3B5003F7183 /* Project object */;
}
