// !$*UTF8*$!
{
	archiveVersion = 1;
	classes = {
	};
	objectVersion = 46;
	objects = {

/* Begin PBXBuildFile section */
		F651648F1D06D3B5003F7183 /* SRVender.h in Headers */ = {isa = PBXBuildFile; fileRef = F651648E1D06D3B5003F7183 /* SRVender.h */; settings = {ATTRIBUTES = (Public, ); }; };
		F65165981D06D405003F7183 /* PrefixHeader.pch in Headers */ = {isa = PBXBuildFile; fileRef = F65165971D06D405003F7183 /* PrefixHeader.pch */; };
		F65166261D06D7D6003F7183 /* AFHTTPRequestOperation.h in Headers */ = {isa = PBXBuildFile; fileRef = F651659C1D06D7D6003F7183 /* AFHTTPRequestOperation.h */; };
		F65166271D06D7D6003F7183 /* AFHTTPRequestOperation.m in Sources */ = {isa = PBXBuildFile; fileRef = F651659D1D06D7D6003F7183 /* AFHTTPRequestOperation.m */; };
		F65166281D06D7D6003F7183 /* AFHTTPRequestOperationManager.h in Headers */ = {isa = PBXBuildFile; fileRef = F651659E1D06D7D6003F7183 /* AFHTTPRequestOperationManager.h */; };
		F65166291D06D7D6003F7183 /* AFHTTPRequestOperationManager.m in Sources */ = {isa = PBXBuildFile; fileRef = F651659F1D06D7D6003F7183 /* AFHTTPRequestOperationManager.m */; };
		F651662A1D06D7D6003F7183 /* AFHTTPSessionManager.h in Headers */ = {isa = PBXBuildFile; fileRef = F65165A01D06D7D6003F7183 /* AFHTTPSessionManager.h */; };
		F651662B1D06D7D6003F7183 /* AFHTTPSessionManager.m in Sources */ = {isa = PBXBuildFile; fileRef = F65165A11D06D7D6003F7183 /* AFHTTPSessionManager.m */; };
		F651662C1D06D7D6003F7183 /* AFNetworking.h in Headers */ = {isa = PBXBuildFile; fileRef = F65165A21D06D7D6003F7183 /* AFNetworking.h */; };
		F651662D1D06D7D6003F7183 /* AFNetworkReachabilityManager.h in Headers */ = {isa = PBXBuildFile; fileRef = F65165A31D06D7D6003F7183 /* AFNetworkReachabilityManager.h */; };
		F651662E1D06D7D6003F7183 /* AFNetworkReachabilityManager.m in Sources */ = {isa = PBXBuildFile; fileRef = F65165A41D06D7D6003F7183 /* AFNetworkReachabilityManager.m */; };
		F651662F1D06D7D6003F7183 /* AFSecurityPolicy.h in Headers */ = {isa = PBXBuildFile; fileRef = F65165A51D06D7D6003F7183 /* AFSecurityPolicy.h */; };
		F65166301D06D7D6003F7183 /* AFSecurityPolicy.m in Sources */ = {isa = PBXBuildFile; fileRef = F65165A61D06D7D6003F7183 /* AFSecurityPolicy.m */; };
		F65166311D06D7D6003F7183 /* AFURLConnectionOperation.h in Headers */ = {isa = PBXBuildFile; fileRef = F65165A71D06D7D6003F7183 /* AFURLConnectionOperation.h */; };
		F65166321D06D7D6003F7183 /* AFURLConnectionOperation.m in Sources */ = {isa = PBXBuildFile; fileRef = F65165A81D06D7D6003F7183 /* AFURLConnectionOperation.m */; };
		F65166331D06D7D6003F7183 /* AFURLRequestSerialization.h in Headers */ = {isa = PBXBuildFile; fileRef = F65165A91D06D7D6003F7183 /* AFURLRequestSerialization.h */; };
		F65166341D06D7D6003F7183 /* AFURLRequestSerialization.m in Sources */ = {isa = PBXBuildFile; fileRef = F65165AA1D06D7D6003F7183 /* AFURLRequestSerialization.m */; };
		F65166351D06D7D6003F7183 /* AFURLResponseSerialization.h in Headers */ = {isa = PBXBuildFile; fileRef = F65165AB1D06D7D6003F7183 /* AFURLResponseSerialization.h */; };
		F65166361D06D7D6003F7183 /* AFURLResponseSerialization.m in Sources */ = {isa = PBXBuildFile; fileRef = F65165AC1D06D7D6003F7183 /* AFURLResponseSerialization.m */; };
		F65166371D06D7D6003F7183 /* AFURLSessionManager.h in Headers */ = {isa = PBXBuildFile; fileRef = F65165AD1D06D7D6003F7183 /* AFURLSessionManager.h */; };
		F65166381D06D7D6003F7183 /* AFURLSessionManager.m in Sources */ = {isa = PBXBuildFile; fileRef = F65165AE1D06D7D6003F7183 /* AFURLSessionManager.m */; };
		F65166391D06D7D6003F7183 /* LICENSE in Resources */ = {isa = PBXBuildFile; fileRef = F65165AF1D06D7D6003F7183 /* LICENSE */; };
		F651663A1D06D7D6003F7183 /* README.md in Sources */ = {isa = PBXBuildFile; fileRef = F65165B01D06D7D6003F7183 /* README.md */; };
		F651663B1D06D7D6003F7183 /* AFNetworkActivityIndicatorManager.h in Headers */ = {isa = PBXBuildFile; fileRef = F65165B21D06D7D6003F7183 /* AFNetworkActivityIndicatorManager.h */; };
		F651663C1D06D7D6003F7183 /* AFNetworkActivityIndicatorManager.m in Sources */ = {isa = PBXBuildFile; fileRef = F65165B31D06D7D6003F7183 /* AFNetworkActivityIndicatorManager.m */; };
		F651663D1D06D7D6003F7183 /* UIActivityIndicatorView+AFNetworking.h in Headers */ = {isa = PBXBuildFile; fileRef = F65165B41D06D7D6003F7183 /* UIActivityIndicatorView+AFNetworking.h */; };
		F651663E1D06D7D6003F7183 /* UIActivityIndicatorView+AFNetworking.m in Sources */ = {isa = PBXBuildFile; fileRef = F65165B51D06D7D6003F7183 /* UIActivityIndicatorView+AFNetworking.m */; };
		F651663F1D06D7D6003F7183 /* UIAlertView+AFNetworking.h in Headers */ = {isa = PBXBuildFile; fileRef = F65165B61D06D7D6003F7183 /* UIAlertView+AFNetworking.h */; };
		F65166401D06D7D6003F7183 /* UIAlertView+AFNetworking.m in Sources */ = {isa = PBXBuildFile; fileRef = F65165B71D06D7D6003F7183 /* UIAlertView+AFNetworking.m */; };
		F65166411D06D7D6003F7183 /* UIButton+AFNetworking.h in Headers */ = {isa = PBXBuildFile; fileRef = F65165B81D06D7D6003F7183 /* UIButton+AFNetworking.h */; };
		F65166421D06D7D6003F7183 /* UIButton+AFNetworking.m in Sources */ = {isa = PBXBuildFile; fileRef = F65165B91D06D7D6003F7183 /* UIButton+AFNetworking.m */; };
		F65166431D06D7D6003F7183 /* UIImageView+AFNetworking.h in Headers */ = {isa = PBXBuildFile; fileRef = F65165BA1D06D7D6003F7183 /* UIImageView+AFNetworking.h */; };
		F65166441D06D7D6003F7183 /* UIImageView+AFNetworking.m in Sources */ = {isa = PBXBuildFile; fileRef = F65165BB1D06D7D6003F7183 /* UIImageView+AFNetworking.m */; };
		F65166451D06D7D6003F7183 /* UIKit+AFNetworking.h in Headers */ = {isa = PBXBuildFile; fileRef = F65165BC1D06D7D6003F7183 /* UIKit+AFNetworking.h */; };
		F65166461D06D7D6003F7183 /* UIProgressView+AFNetworking.h in Headers */ = {isa = PBXBuildFile; fileRef = F65165BD1D06D7D6003F7183 /* UIProgressView+AFNetworking.h */; };
		F65166471D06D7D6003F7183 /* UIProgressView+AFNetworking.m in Sources */ = {isa = PBXBuildFile; fileRef = F65165BE1D06D7D6003F7183 /* UIProgressView+AFNetworking.m */; };
		F65166481D06D7D6003F7183 /* UIRefreshControl+AFNetworking.h in Headers */ = {isa = PBXBuildFile; fileRef = F65165BF1D06D7D6003F7183 /* UIRefreshControl+AFNetworking.h */; };
		F65166491D06D7D6003F7183 /* UIRefreshControl+AFNetworking.m in Sources */ = {isa = PBXBuildFile; fileRef = F65165C01D06D7D6003F7183 /* UIRefreshControl+AFNetworking.m */; };
		F651664A1D06D7D6003F7183 /* UIWebView+AFNetworking.h in Headers */ = {isa = PBXBuildFile; fileRef = F65165C11D06D7D6003F7183 /* UIWebView+AFNetworking.h */; };
		F651664B1D06D7D6003F7183 /* UIWebView+AFNetworking.m in Sources */ = {isa = PBXBuildFile; fileRef = F65165C21D06D7D6003F7183 /* UIWebView+AFNetworking.m */; };
		F651664C1D06D7D6003F7183 /* AppConfig.h in Headers */ = {isa = PBXBuildFile; fileRef = F65165C31D06D7D6003F7183 /* AppConfig.h */; };
		F651664D1D06D7D6003F7183 /* AppConfig.m in Sources */ = {isa = PBXBuildFile; fileRef = F65165C41D06D7D6003F7183 /* AppConfig.m */; };
		F651664E1D06D7D6003F7183 /* Info.plist in Resources */ = {isa = PBXBuildFile; fileRef = F65165C51D06D7D6003F7183 /* Info.plist */; };
		F65166501D06D7D6003F7183 /* SRTest.h in Headers */ = {isa = PBXBuildFile; fileRef = F65165C71D06D7D6003F7183 /* SRTest.h */; };
		F65166511D06D7D6003F7183 /* SRTest.m in Sources */ = {isa = PBXBuildFile; fileRef = F65165C81D06D7D6003F7183 /* SRTest.m */; };
		F65166521D06D7D6003F7183 /* SRVendor.h in Headers */ = {isa = PBXBuildFile; fileRef = F65165C91D06D7D6003F7183 /* SRVendor.h */; };
		F65166531D06D7D6003F7183 /* AppResource.h in Headers */ = {isa = PBXBuildFile; fileRef = F65165CC1D06D7D6003F7183 /* AppResource.h */; };
		F65166541D06D7D6003F7183 /* AppResource.m in Sources */ = {isa = PBXBuildFile; fileRef = F65165CD1D06D7D6003F7183 /* AppResource.m */; };
		F65166551D06D7D6003F7183 /* CKStringUtils.h in Headers */ = {isa = PBXBuildFile; fileRef = F65165CF1D06D7D6003F7183 /* CKStringUtils.h */; };
		F65166561D06D7D6003F7183 /* CKStringUtils.m in Sources */ = {isa = PBXBuildFile; fileRef = F65165D01D06D7D6003F7183 /* CKStringUtils.m */; };
		F65166571D06D7D6003F7183 /* LICENSE.txt in Resources */ = {isa = PBXBuildFile; fileRef = F65165D21D06D7D6003F7183 /* LICENSE.txt */; };
		F65166581D06D7D6003F7183 /* NSDictionary+STHelper-Prefix.pch in Headers */ = {isa = PBXBuildFile; fileRef = F65165D31D06D7D6003F7183 /* NSDictionary+STHelper-Prefix.pch */; };
		F65166591D06D7D6003F7183 /* NSDictionary+STHelper.h in Headers */ = {isa = PBXBuildFile; fileRef = F65165D41D06D7D6003F7183 /* NSDictionary+STHelper.h */; };
		F651665A1D06D7D6003F7183 /* NSDictionary+STHelper.m in Sources */ = {isa = PBXBuildFile; fileRef = F65165D51D06D7D6003F7183 /* NSDictionary+STHelper.m */; };
		F651665B1D06D7D6003F7183 /* NSMutableDictionary+STHelper.h in Headers */ = {isa = PBXBuildFile; fileRef = F65165D61D06D7D6003F7183 /* NSMutableDictionary+STHelper.h */; };
		F651665C1D06D7D6003F7183 /* NSMutableDictionary+STHelper.m in Sources */ = {isa = PBXBuildFile; fileRef = F65165D71D06D7D6003F7183 /* NSMutableDictionary+STHelper.m */; };
		F651665D1D06D7D6003F7183 /* LICENSE in Resources */ = {isa = PBXBuildFile; fileRef = F65165DA1D06D7D6003F7183 /* LICENSE */; };
		F651665E1D06D7D6003F7183 /* SSKeychain.h in Headers */ = {isa = PBXBuildFile; fileRef = F65165DB1D06D7D6003F7183 /* SSKeychain.h */; };
		F651665F1D06D7D6003F7183 /* SSKeychain.m in Sources */ = {isa = PBXBuildFile; fileRef = F65165DC1D06D7D6003F7183 /* SSKeychain.m */; };
		F65166601D06D7D6003F7183 /* NSDictionary+SRHelper.h in Headers */ = {isa = PBXBuildFile; fileRef = F65165DF1D06D7D6003F7183 /* NSDictionary+SRHelper.h */; };
		F65166611D06D7D6003F7183 /* NSDictionary+SRHelper.m in Sources */ = {isa = PBXBuildFile; fileRef = F65165E01D06D7D6003F7183 /* NSDictionary+SRHelper.m */; };
		F65166621D06D7D6003F7183 /* SRCategoryService.h in Headers */ = {isa = PBXBuildFile; fileRef = F65165E31D06D7D6003F7183 /* SRCategoryService.h */; };
		F65166631D06D7D6003F7183 /* SRCategoryService.m in Sources */ = {isa = PBXBuildFile; fileRef = F65165E41D06D7D6003F7183 /* SRCategoryService.m */; };
		F65166661D06D7D6003F7183 /* SRContentService.h in Headers */ = {isa = PBXBuildFile; fileRef = F65165E91D06D7D6003F7183 /* SRContentService.h */; };
		F65166671D06D7D6003F7183 /* SRContentService.m in Sources */ = {isa = PBXBuildFile; fileRef = F65165EA1D06D7D6003F7183 /* SRContentService.m */; };
		F65166681D06D7D6003F7183 /* SRDataException.h in Headers */ = {isa = PBXBuildFile; fileRef = F65165EC1D06D7D6003F7183 /* SRDataException.h */; };
		F65166691D06D7D6003F7183 /* SRDataException.m in Sources */ = {isa = PBXBuildFile; fileRef = F65165ED1D06D7D6003F7183 /* SRDataException.m */; };
		F651666A1D06D7D6003F7183 /* SRHomeService.h in Headers */ = {isa = PBXBuildFile; fileRef = F65165EF1D06D7D6003F7183 /* SRHomeService.h */; };
		F651666B1D06D7D6003F7183 /* SRHomeService.m in Sources */ = {isa = PBXBuildFile; fileRef = F65165F01D06D7D6003F7183 /* SRHomeService.m */; };
		F651666C1D06D7D6003F7183 /* SRMemberService.h in Headers */ = {isa = PBXBuildFile; fileRef = F65165F21D06D7D6003F7183 /* SRMemberService.h */; };
		F651666D1D06D7D6003F7183 /* SRMemberService.m in Sources */ = {isa = PBXBuildFile; fileRef = F65165F31D06D7D6003F7183 /* SRMemberService.m */; };
		F65166781D06D7D6003F7183 /* SRDataDef.h in Headers */ = {isa = PBXBuildFile; fileRef = F65166021D06D7D6003F7183 /* SRDataDef.h */; };
		F65166791D06D7D6003F7183 /* SRDataDef.m in Sources */ = {isa = PBXBuildFile; fileRef = F65166031D06D7D6003F7183 /* SRDataDef.m */; };
		F651667A1D06D7D6003F7183 /* SRDataManager.h in Headers */ = {isa = PBXBuildFile; fileRef = F65166041D06D7D6003F7183 /* SRDataManager.h */; };
		F651667B1D06D7D6003F7183 /* SRDataManager.m in Sources */ = {isa = PBXBuildFile; fileRef = F65166051D06D7D6003F7183 /* SRDataManager.m */; };
		F651667C1D06D7D6003F7183 /* SRWebService.h in Headers */ = {isa = PBXBuildFile; fileRef = F65166061D06D7D6003F7183 /* SRWebService.h */; };
		F651667D1D06D7D6003F7183 /* SRWebService.m in Sources */ = {isa = PBXBuildFile; fileRef = F65166071D06D7D6003F7183 /* SRWebService.m */; };
		F651667E1D06D7D6003F7183 /* SRTrainingPlan.h in Headers */ = {isa = PBXBuildFile; fileRef = F65166091D06D7D6003F7183 /* SRTrainingPlan.h */; };
		F651667F1D06D7D6003F7183 /* SRTrainingPlan.m in Sources */ = {isa = PBXBuildFile; fileRef = F651660A1D06D7D6003F7183 /* SRTrainingPlan.m */; };
		F65166801D06D7D6003F7183 /* SRCartService.h in Headers */ = {isa = PBXBuildFile; fileRef = F651660C1D06D7D6003F7183 /* SRCartService.h */; };
		F65166811D06D7D6003F7183 /* SRCartService.m in Sources */ = {isa = PBXBuildFile; fileRef = F651660D1D06D7D6003F7183 /* SRCartService.m */; };
		F65166821D06D7D6003F7183 /* SRWelfareService.h in Headers */ = {isa = PBXBuildFile; fileRef = F651660E1D06D7D6003F7183 /* SRWelfareService.h */; };
		F65166831D06D7D6003F7183 /* SRWelfareService.m in Sources */ = {isa = PBXBuildFile; fileRef = F651660F1D06D7D6003F7183 /* SRWelfareService.m */; };
		F65166841D06D7D6003F7183 /* SRKit.h in Headers */ = {isa = PBXBuildFile; fileRef = F65166101D06D7D6003F7183 /* SRKit.h */; };
		F65166851D06D7D6003F7183 /* RKSerialization.h in Headers */ = {isa = PBXBuildFile; fileRef = F65166121D06D7D6003F7183 /* RKSerialization.h */; };
		F65166861D06D7D6003F7183 /* RKURLEncodedSerialization.h in Headers */ = {isa = PBXBuildFile; fileRef = F65166131D06D7D6003F7183 /* RKURLEncodedSerialization.h */; };
		F65166871D06D7D6003F7183 /* RKURLEncodedSerialization.m in Sources */ = {isa = PBXBuildFile; fileRef = F65166141D06D7D6003F7183 /* RKURLEncodedSerialization.m */; };
		F65166881D06D7D6003F7183 /* SRDeviceUtilties.h in Headers */ = {isa = PBXBuildFile; fileRef = F65166151D06D7D6003F7183 /* SRDeviceUtilties.h */; };
		F65166891D06D7D6003F7183 /* SRDeviceUtilties.m in Sources */ = {isa = PBXBuildFile; fileRef = F65166161D06D7D6003F7183 /* SRDeviceUtilties.m */; };
		F651668A1D06D7D6003F7183 /* SRDictionaryUtilities.h in Headers */ = {isa = PBXBuildFile; fileRef = F65166171D06D7D6003F7183 /* SRDictionaryUtilities.h */; };
		F651668B1D06D7D6003F7183 /* SRDictionaryUtilities.m in Sources */ = {isa = PBXBuildFile; fileRef = F65166181D06D7D6003F7183 /* SRDictionaryUtilities.m */; };
		F651668C1D06D7D6003F7183 /* CNavigationController.h in Headers */ = {isa = PBXBuildFile; fileRef = F651661A1D06D7D6003F7183 /* CNavigationController.h */; };
		F651668D1D06D7D6003F7183 /* CNavigationController.m in Sources */ = {isa = PBXBuildFile; fileRef = F651661B1D06D7D6003F7183 /* CNavigationController.m */; };
		F651668E1D06D7D6003F7183 /* CUIEnginer.h in Headers */ = {isa = PBXBuildFile; fileRef = F651661C1D06D7D6003F7183 /* CUIEnginer.h */; };
		F651668F1D06D7D6003F7183 /* CUIEnginer.m in Sources */ = {isa = PBXBuildFile; fileRef = F651661D1D06D7D6003F7183 /* CUIEnginer.m */; };
		F65166901D06D7D6003F7183 /* CUIKit.h in Headers */ = {isa = PBXBuildFile; fileRef = F651661E1D06D7D6003F7183 /* CUIKit.h */; };
		F65166911D06D7D6003F7183 /* WCAlertView.h in Headers */ = {isa = PBXBuildFile; fileRef = F65166201D06D7D6003F7183 /* WCAlertView.h */; };
		F65166921D06D7D6003F7183 /* WCAlertView.m in Sources */ = {isa = PBXBuildFile; fileRef = F65166211D06D7D6003F7183 /* WCAlertView.m */; };
		F65166931D06D7D6003F7183 /* YALSunnyRefreshControl.h in Headers */ = {isa = PBXBuildFile; fileRef = F65166231D06D7D6003F7183 /* YALSunnyRefreshControl.h */; };
		F65166941D06D7D6003F7183 /* YALSunnyRefreshControl.m in Sources */ = {isa = PBXBuildFile; fileRef = F65166241D06D7D6003F7183 /* YALSunnyRefreshControl.m */; };
		F65166951D06D7D6003F7183 /* YALSunnyRefreshControl.xib in Resources */ = {isa = PBXBuildFile; fileRef = F65166251D06D7D6003F7183 /* YALSunnyRefreshControl.xib */; };
/* End PBXBuildFile section */

/* Begin PBXFileReference section */
		F651648B1D06D3B5003F7183 /* SRVender.framework */ = {isa = PBXFileReference; explicitFileType = wrapper.framework; includeInIndex = 0; path = SRVender.framework; sourceTree = BUILT_PRODUCTS_DIR; };
		F651648E1D06D3B5003F7183 /* SRVender.h */ = {isa = PBXFileReference; lastKnownFileType = sourcecode.c.h; path = SRVender.h; sourceTree = "<group>"; };
		F65164901D06D3B5003F7183 /* Info.plist */ = {isa = PBXFileReference; lastKnownFileType = text.plist.xml; path = Info.plist; sourceTree = "<group>"; };
		F65165971D06D405003F7183 /* PrefixHeader.pch */ = {isa = PBXFileReference; fileEncoding = 4; lastKnownFileType = sourcecode.c.h; path = PrefixHeader.pch; sourceTree = "<group>"; };
		F651659C1D06D7D6003F7183 /* AFHTTPRequestOperation.h */ = {isa = PBXFileReference; fileEncoding = 4; lastKnownFileType = sourcecode.c.h; path = AFHTTPRequestOperation.h; sourceTree = "<group>"; };
		F651659D1D06D7D6003F7183 /* AFHTTPRequestOperation.m */ = {isa = PBXFileReference; fileEncoding = 4; lastKnownFileType = sourcecode.c.objc; path = AFHTTPRequestOperation.m; sourceTree = "<group>"; };
		F651659E1D06D7D6003F7183 /* AFHTTPRequestOperationManager.h */ = {isa = PBXFileReference; fileEncoding = 4; lastKnownFileType = sourcecode.c.h; path = AFHTTPRequestOperationManager.h; sourceTree = "<group>"; };
		F651659F1D06D7D6003F7183 /* AFHTTPRequestOperationManager.m */ = {isa = PBXFileReference; fileEncoding = 4; lastKnownFileType = sourcecode.c.objc; path = AFHTTPRequestOperationManager.m; sourceTree = "<group>"; };
		F65165A01D06D7D6003F7183 /* AFHTTPSessionManager.h */ = {isa = PBXFileReference; fileEncoding = 4; lastKnownFileType = sourcecode.c.h; path = AFHTTPSessionManager.h; sourceTree = "<group>"; };
		F65165A11D06D7D6003F7183 /* AFHTTPSessionManager.m */ = {isa = PBXFileReference; fileEncoding = 4; lastKnownFileType = sourcecode.c.objc; path = AFHTTPSessionManager.m; sourceTree = "<group>"; };
		F65165A21D06D7D6003F7183 /* AFNetworking.h */ = {isa = PBXFileReference; fileEncoding = 4; lastKnownFileType = sourcecode.c.h; path = AFNetworking.h; sourceTree = "<group>"; };
		F65165A31D06D7D6003F7183 /* AFNetworkReachabilityManager.h */ = {isa = PBXFileReference; fileEncoding = 4; lastKnownFileType = sourcecode.c.h; path = AFNetworkReachabilityManager.h; sourceTree = "<group>"; };
		F65165A41D06D7D6003F7183 /* AFNetworkReachabilityManager.m */ = {isa = PBXFileReference; fileEncoding = 4; lastKnownFileType = sourcecode.c.objc; path = AFNetworkReachabilityManager.m; sourceTree = "<group>"; };
		F65165A51D06D7D6003F7183 /* AFSecurityPolicy.h */ = {isa = PBXFileReference; fileEncoding = 4; lastKnownFileType = sourcecode.c.h; path = AFSecurityPolicy.h; sourceTree = "<group>"; };
		F65165A61D06D7D6003F7183 /* AFSecurityPolicy.m */ = {isa = PBXFileReference; fileEncoding = 4; lastKnownFileType = sourcecode.c.objc; path = AFSecurityPolicy.m; sourceTree = "<group>"; };
		F65165A71D06D7D6003F7183 /* AFURLConnectionOperation.h */ = {isa = PBXFileReference; fileEncoding = 4; lastKnownFileType = sourcecode.c.h; path = AFURLConnectionOperation.h; sourceTree = "<group>"; };
		F65165A81D06D7D6003F7183 /* AFURLConnectionOperation.m */ = {isa = PBXFileReference; fileEncoding = 4; lastKnownFileType = sourcecode.c.objc; path = AFURLConnectionOperation.m; sourceTree = "<group>"; };
		F65165A91D06D7D6003F7183 /* AFURLRequestSerialization.h */ = {isa = PBXFileReference; fileEncoding = 4; lastKnownFileType = sourcecode.c.h; path = AFURLRequestSerialization.h; sourceTree = "<group>"; };
		F65165AA1D06D7D6003F7183 /* AFURLRequestSerialization.m */ = {isa = PBXFileReference; fileEncoding = 4; lastKnownFileType = sourcecode.c.objc; path = AFURLRequestSerialization.m; sourceTree = "<group>"; };
		F65165AB1D06D7D6003F7183 /* AFURLResponseSerialization.h */ = {isa = PBXFileReference; fileEncoding = 4; lastKnownFileType = sourcecode.c.h; path = AFURLResponseSerialization.h; sourceTree = "<group>"; };
		F65165AC1D06D7D6003F7183 /* AFURLResponseSerialization.m */ = {isa = PBXFileReference; fileEncoding = 4; lastKnownFileType = sourcecode.c.objc; path = AFURLResponseSerialization.m; sourceTree = "<group>"; };
		F65165AD1D06D7D6003F7183 /* AFURLSessionManager.h */ = {isa = PBXFileReference; fileEncoding = 4; lastKnownFileType = sourcecode.c.h; path = AFURLSessionManager.h; sourceTree = "<group>"; };
		F65165AE1D06D7D6003F7183 /* AFURLSessionManager.m */ = {isa = PBXFileReference; fileEncoding = 4; lastKnownFileType = sourcecode.c.objc; path = AFURLSessionManager.m; sourceTree = "<group>"; };
		F65165AF1D06D7D6003F7183 /* LICENSE */ = {isa = PBXFileReference; fileEncoding = 4; lastKnownFileType = text; path = LICENSE; sourceTree = "<group>"; };
		F65165B01D06D7D6003F7183 /* README.md */ = {isa = PBXFileReference; fileEncoding = 4; lastKnownFileType = net.daringfireball.markdown; path = README.md; sourceTree = "<group>"; };
		F65165B21D06D7D6003F7183 /* AFNetworkActivityIndicatorManager.h */ = {isa = PBXFileReference; fileEncoding = 4; lastKnownFileType = sourcecode.c.h; path = AFNetworkActivityIndicatorManager.h; sourceTree = "<group>"; };
		F65165B31D06D7D6003F7183 /* AFNetworkActivityIndicatorManager.m */ = {isa = PBXFileReference; fileEncoding = 4; lastKnownFileType = sourcecode.c.objc; path = AFNetworkActivityIndicatorManager.m; sourceTree = "<group>"; };
		F65165B41D06D7D6003F7183 /* UIActivityIndicatorView+AFNetworking.h */ = {isa = PBXFileReference; fileEncoding = 4; lastKnownFileType = sourcecode.c.h; path = "UIActivityIndicatorView+AFNetworking.h"; sourceTree = "<group>"; };
		F65165B51D06D7D6003F7183 /* UIActivityIndicatorView+AFNetworking.m */ = {isa = PBXFileReference; fileEncoding = 4; lastKnownFileType = sourcecode.c.objc; path = "UIActivityIndicatorView+AFNetworking.m"; sourceTree = "<group>"; };
		F65165B61D06D7D6003F7183 /* UIAlertView+AFNetworking.h */ = {isa = PBXFileReference; fileEncoding = 4; lastKnownFileType = sourcecode.c.h; path = "UIAlertView+AFNetworking.h"; sourceTree = "<group>"; };
		F65165B71D06D7D6003F7183 /* UIAlertView+AFNetworking.m */ = {isa = PBXFileReference; fileEncoding = 4; lastKnownFileType = sourcecode.c.objc; path = "UIAlertView+AFNetworking.m"; sourceTree = "<group>"; };
		F65165B81D06D7D6003F7183 /* UIButton+AFNetworking.h */ = {isa = PBXFileReference; fileEncoding = 4; lastKnownFileType = sourcecode.c.h; path = "UIButton+AFNetworking.h"; sourceTree = "<group>"; };
		F65165B91D06D7D6003F7183 /* UIButton+AFNetworking.m */ = {isa = PBXFileReference; fileEncoding = 4; lastKnownFileType = sourcecode.c.objc; path = "UIButton+AFNetworking.m"; sourceTree = "<group>"; };
		F65165BA1D06D7D6003F7183 /* UIImageView+AFNetworking.h */ = {isa = PBXFileReference; fileEncoding = 4; lastKnownFileType = sourcecode.c.h; path = "UIImageView+AFNetworking.h"; sourceTree = "<group>"; };
		F65165BB1D06D7D6003F7183 /* UIImageView+AFNetworking.m */ = {isa = PBXFileReference; fileEncoding = 4; lastKnownFileType = sourcecode.c.objc; path = "UIImageView+AFNetworking.m"; sourceTree = "<group>"; };
		F65165BC1D06D7D6003F7183 /* UIKit+AFNetworking.h */ = {isa = PBXFileReference; fileEncoding = 4; lastKnownFileType = sourcecode.c.h; path = "UIKit+AFNetworking.h"; sourceTree = "<group>"; };
		F65165BD1D06D7D6003F7183 /* UIProgressView+AFNetworking.h */ = {isa = PBXFileReference; fileEncoding = 4; lastKnownFileType = sourcecode.c.h; path = "UIProgressView+AFNetworking.h"; sourceTree = "<group>"; };
		F65165BE1D06D7D6003F7183 /* UIProgressView+AFNetworking.m */ = {isa = PBXFileReference; fileEncoding = 4; lastKnownFileType = sourcecode.c.objc; path = "UIProgressView+AFNetworking.m"; sourceTree = "<group>"; };
		F65165BF1D06D7D6003F7183 /* UIRefreshControl+AFNetworking.h */ = {isa = PBXFileReference; fileEncoding = 4; lastKnownFileType = sourcecode.c.h; path = "UIRefreshControl+AFNetworking.h"; sourceTree = "<group>"; };
		F65165C01D06D7D6003F7183 /* UIRefreshControl+AFNetworking.m */ = {isa = PBXFileReference; fileEncoding = 4; lastKnownFileType = sourcecode.c.objc; path = "UIRefreshControl+AFNetworking.m"; sourceTree = "<group>"; };
		F65165C11D06D7D6003F7183 /* UIWebView+AFNetworking.h */ = {isa = PBXFileReference; fileEncoding = 4; lastKnownFileType = sourcecode.c.h; path = "UIWebView+AFNetworking.h"; sourceTree = "<group>"; };
		F65165C21D06D7D6003F7183 /* UIWebView+AFNetworking.m */ = {isa = PBXFileReference; fileEncoding = 4; lastKnownFileType = sourcecode.c.objc; path = "UIWebView+AFNetworking.m"; sourceTree = "<group>"; };
		F65165C31D06D7D6003F7183 /* AppConfig.h */ = {isa = PBXFileReference; fileEncoding = 4; lastKnownFileType = sourcecode.c.h; path = AppConfig.h; sourceTree = "<group>"; };
		F65165C41D06D7D6003F7183 /* AppConfig.m */ = {isa = PBXFileReference; fileEncoding = 4; lastKnownFileType = sourcecode.c.objc; path = AppConfig.m; sourceTree = "<group>"; };
		F65165C51D06D7D6003F7183 /* Info.plist */ = {isa = PBXFileReference; fileEncoding = 4; lastKnownFileType = text.plist.xml; path = Info.plist; sourceTree = "<group>"; };
		F65165C71D06D7D6003F7183 /* SRTest.h */ = {isa = PBXFileReference; fileEncoding = 4; lastKnownFileType = sourcecode.c.h; path = SRTest.h; sourceTree = "<group>"; };
		F65165C81D06D7D6003F7183 /* SRTest.m */ = {isa = PBXFileReference; fileEncoding = 4; lastKnownFileType = sourcecode.c.objc; path = SRTest.m; sourceTree = "<group>"; };
		F65165C91D06D7D6003F7183 /* SRVendor.h */ = {isa = PBXFileReference; fileEncoding = 4; lastKnownFileType = sourcecode.c.h; path = SRVendor.h; sourceTree = "<group>"; };
		F65165CC1D06D7D6003F7183 /* AppResource.h */ = {isa = PBXFileReference; fileEncoding = 4; lastKnownFileType = sourcecode.c.h; path = AppResource.h; sourceTree = "<group>"; };
		F65165CD1D06D7D6003F7183 /* AppResource.m */ = {isa = PBXFileReference; fileEncoding = 4; lastKnownFileType = sourcecode.c.objc; path = AppResource.m; sourceTree = "<group>"; };
		F65165CF1D06D7D6003F7183 /* CKStringUtils.h */ = {isa = PBXFileReference; fileEncoding = 4; lastKnownFileType = sourcecode.c.h; path = CKStringUtils.h; sourceTree = "<group>"; };
		F65165D01D06D7D6003F7183 /* CKStringUtils.m */ = {isa = PBXFileReference; fileEncoding = 4; lastKnownFileType = sourcecode.c.objc; path = CKStringUtils.m; sourceTree = "<group>"; };
		F65165D21D06D7D6003F7183 /* LICENSE.txt */ = {isa = PBXFileReference; fileEncoding = 4; lastKnownFileType = text; path = LICENSE.txt; sourceTree = "<group>"; };
		F65165D31D06D7D6003F7183 /* NSDictionary+STHelper-Prefix.pch */ = {isa = PBXFileReference; fileEncoding = 4; lastKnownFileType = sourcecode.c.h; path = "NSDictionary+STHelper-Prefix.pch"; sourceTree = "<group>"; };
		F65165D41D06D7D6003F7183 /* NSDictionary+STHelper.h */ = {isa = PBXFileReference; fileEncoding = 4; lastKnownFileType = sourcecode.c.h; path = "NSDictionary+STHelper.h"; sourceTree = "<group>"; };
		F65165D51D06D7D6003F7183 /* NSDictionary+STHelper.m */ = {isa = PBXFileReference; fileEncoding = 4; lastKnownFileType = sourcecode.c.objc; path = "NSDictionary+STHelper.m"; sourceTree = "<group>"; };
		F65165D61D06D7D6003F7183 /* NSMutableDictionary+STHelper.h */ = {isa = PBXFileReference; fileEncoding = 4; lastKnownFileType = sourcecode.c.h; path = "NSMutableDictionary+STHelper.h"; sourceTree = "<group>"; };
		F65165D71D06D7D6003F7183 /* NSMutableDictionary+STHelper.m */ = {isa = PBXFileReference; fileEncoding = 4; lastKnownFileType = sourcecode.c.objc; path = "NSMutableDictionary+STHelper.m"; sourceTree = "<group>"; };
		F65165DA1D06D7D6003F7183 /* LICENSE */ = {isa = PBXFileReference; fileEncoding = 4; lastKnownFileType = text; path = LICENSE; sourceTree = "<group>"; };
		F65165DB1D06D7D6003F7183 /* SSKeychain.h */ = {isa = PBXFileReference; fileEncoding = 4; lastKnownFileType = sourcecode.c.h; path = SSKeychain.h; sourceTree = "<group>"; };
		F65165DC1D06D7D6003F7183 /* SSKeychain.m */ = {isa = PBXFileReference; fileEncoding = 4; lastKnownFileType = sourcecode.c.objc; path = SSKeychain.m; sourceTree = "<group>"; };
		F65165DF1D06D7D6003F7183 /* NSDictionary+SRHelper.h */ = {isa = PBXFileReference; fileEncoding = 4; lastKnownFileType = sourcecode.c.h; path = "NSDictionary+SRHelper.h"; sourceTree = "<group>"; };
		F65165E01D06D7D6003F7183 /* NSDictionary+SRHelper.m */ = {isa = PBXFileReference; fileEncoding = 4; lastKnownFileType = sourcecode.c.objc; path = "NSDictionary+SRHelper.m"; sourceTree = "<group>"; };
		F65165E31D06D7D6003F7183 /* SRCategoryService.h */ = {isa = PBXFileReference; fileEncoding = 4; lastKnownFileType = sourcecode.c.h; path = SRCategoryService.h; sourceTree = "<group>"; };
		F65165E41D06D7D6003F7183 /* SRCategoryService.m */ = {isa = PBXFileReference; fileEncoding = 4; lastKnownFileType = sourcecode.c.objc; path = SRCategoryService.m; sourceTree = "<group>"; };
		F65165E91D06D7D6003F7183 /* SRContentService.h */ = {isa = PBXFileReference; fileEncoding = 4; lastKnownFileType = sourcecode.c.h; path = SRContentService.h; sourceTree = "<group>"; };
		F65165EA1D06D7D6003F7183 /* SRContentService.m */ = {isa = PBXFileReference; fileEncoding = 4; lastKnownFileType = sourcecode.c.objc; path = SRContentService.m; sourceTree = "<group>"; };
		F65165EC1D06D7D6003F7183 /* SRDataException.h */ = {isa = PBXFileReference; fileEncoding = 4; lastKnownFileType = sourcecode.c.h; path = SRDataException.h; sourceTree = "<group>"; };
		F65165ED1D06D7D6003F7183 /* SRDataException.m */ = {isa = PBXFileReference; fileEncoding = 4; lastKnownFileType = sourcecode.c.objc; path = SRDataException.m; sourceTree = "<group>"; };
		F65165EF1D06D7D6003F7183 /* SRHomeService.h */ = {isa = PBXFileReference; fileEncoding = 4; lastKnownFileType = sourcecode.c.h; path = SRHomeService.h; sourceTree = "<group>"; };
		F65165F01D06D7D6003F7183 /* SRHomeService.m */ = {isa = PBXFileReference; fileEncoding = 4; lastKnownFileType = sourcecode.c.objc; path = SRHomeService.m; sourceTree = "<group>"; };
		F65165F21D06D7D6003F7183 /* SRMemberService.h */ = {isa = PBXFileReference; fileEncoding = 4; lastKnownFileType = sourcecode.c.h; path = SRMemberService.h; sourceTree = "<group>"; };
		F65165F31D06D7D6003F7183 /* SRMemberService.m */ = {isa = PBXFileReference; fileEncoding = 4; lastKnownFileType = sourcecode.c.objc; path = SRMemberService.m; sourceTree = "<group>"; };
		F65166021D06D7D6003F7183 /* SRDataDef.h */ = {isa = PBXFileReference; fileEncoding = 4; lastKnownFileType = sourcecode.c.h; path = SRDataDef.h; sourceTree = "<group>"; };
		F65166031D06D7D6003F7183 /* SRDataDef.m */ = {isa = PBXFileReference; fileEncoding = 4; lastKnownFileType = sourcecode.c.objc; path = SRDataDef.m; sourceTree = "<group>"; };
		F65166041D06D7D6003F7183 /* SRDataManager.h */ = {isa = PBXFileReference; fileEncoding = 4; lastKnownFileType = sourcecode.c.h; path = SRDataManager.h; sourceTree = "<group>"; };
		F65166051D06D7D6003F7183 /* SRDataManager.m */ = {isa = PBXFileReference; fileEncoding = 4; lastKnownFileType = sourcecode.c.objc; path = SRDataManager.m; sourceTree = "<group>"; };
		F65166061D06D7D6003F7183 /* SRWebService.h */ = {isa = PBXFileReference; fileEncoding = 4; lastKnownFileType = sourcecode.c.h; path = SRWebService.h; sourceTree = "<group>"; };
		F65166071D06D7D6003F7183 /* SRWebService.m */ = {isa = PBXFileReference; fileEncoding = 4; lastKnownFileType = sourcecode.c.objc; path = SRWebService.m; sourceTree = "<group>"; };
		F65166091D06D7D6003F7183 /* SRTrainingPlan.h */ = {isa = PBXFileReference; fileEncoding = 4; lastKnownFileType = sourcecode.c.h; path = SRTrainingPlan.h; sourceTree = "<group>"; };
		F651660A1D06D7D6003F7183 /* SRTrainingPlan.m */ = {isa = PBXFileReference; fileEncoding = 4; lastKnownFileType = sourcecode.c.objc; path = SRTrainingPlan.m; sourceTree = "<group>"; };
		F651660C1D06D7D6003F7183 /* SRCartService.h */ = {isa = PBXFileReference; fileEncoding = 4; lastKnownFileType = sourcecode.c.h; path = SRCartService.h; sourceTree = "<group>"; };
		F651660D1D06D7D6003F7183 /* SRCartService.m */ = {isa = PBXFileReference; fileEncoding = 4; lastKnownFileType = sourcecode.c.objc; path = SRCartService.m; sourceTree = "<group>"; };
		F651660E1D06D7D6003F7183 /* SRWelfareService.h */ = {isa = PBXFileReference; fileEncoding = 4; lastKnownFileType = sourcecode.c.h; path = SRWelfareService.h; sourceTree = "<group>"; };
		F651660F1D06D7D6003F7183 /* SRWelfareService.m */ = {isa = PBXFileReference; fileEncoding = 4; lastKnownFileType = sourcecode.c.objc; path = SRWelfareService.m; sourceTree = "<group>"; };
		F65166101D06D7D6003F7183 /* SRKit.h */ = {isa = PBXFileReference; fileEncoding = 4; lastKnownFileType = sourcecode.c.h; path = SRKit.h; sourceTree = "<group>"; };
		F65166121D06D7D6003F7183 /* RKSerialization.h */ = {isa = PBXFileReference; fileEncoding = 4; lastKnownFileType = sourcecode.c.h; path = RKSerialization.h; sourceTree = "<group>"; };
		F65166131D06D7D6003F7183 /* RKURLEncodedSerialization.h */ = {isa = PBXFileReference; fileEncoding = 4; lastKnownFileType = sourcecode.c.h; path = RKURLEncodedSerialization.h; sourceTree = "<group>"; };
		F65166141D06D7D6003F7183 /* RKURLEncodedSerialization.m */ = {isa = PBXFileReference; fileEncoding = 4; lastKnownFileType = sourcecode.c.objc; path = RKURLEncodedSerialization.m; sourceTree = "<group>"; };
		F65166151D06D7D6003F7183 /* SRDeviceUtilties.h */ = {isa = PBXFileReference; fileEncoding = 4; lastKnownFileType = sourcecode.c.h; path = SRDeviceUtilties.h; sourceTree = "<group>"; };
		F65166161D06D7D6003F7183 /* SRDeviceUtilties.m */ = {isa = PBXFileReference; fileEncoding = 4; lastKnownFileType = sourcecode.c.objc; path = SRDeviceUtilties.m; sourceTree = "<group>"; };
		F65166171D06D7D6003F7183 /* SRDictionaryUtilities.h */ = {isa = PBXFileReference; fileEncoding = 4; lastKnownFileType = sourcecode.c.h; path = SRDictionaryUtilities.h; sourceTree = "<group>"; };
		F65166181D06D7D6003F7183 /* SRDictionaryUtilities.m */ = {isa = PBXFileReference; fileEncoding = 4; lastKnownFileType = sourcecode.c.objc; path = SRDictionaryUtilities.m; sourceTree = "<group>"; };
		F651661A1D06D7D6003F7183 /* CNavigationController.h */ = {isa = PBXFileReference; fileEncoding = 4; lastKnownFileType = sourcecode.c.h; path = CNavigationController.h; sourceTree = "<group>"; };
		F651661B1D06D7D6003F7183 /* CNavigationController.m */ = {isa = PBXFileReference; fileEncoding = 4; lastKnownFileType = sourcecode.c.objc; path = CNavigationController.m; sourceTree = "<group>"; };
		F651661C1D06D7D6003F7183 /* CUIEnginer.h */ = {isa = PBXFileReference; fileEncoding = 4; lastKnownFileType = sourcecode.c.h; path = CUIEnginer.h; sourceTree = "<group>"; };
		F651661D1D06D7D6003F7183 /* CUIEnginer.m */ = {isa = PBXFileReference; fileEncoding = 4; lastKnownFileType = sourcecode.c.objc; path = CUIEnginer.m; sourceTree = "<group>"; };
		F651661E1D06D7D6003F7183 /* CUIKit.h */ = {isa = PBXFileReference; fileEncoding = 4; lastKnownFileType = sourcecode.c.h; path = CUIKit.h; sourceTree = "<group>"; };
		F65166201D06D7D6003F7183 /* WCAlertView.h */ = {isa = PBXFileReference; fileEncoding = 4; lastKnownFileType = sourcecode.c.h; path = WCAlertView.h; sourceTree = "<group>"; };
		F65166211D06D7D6003F7183 /* WCAlertView.m */ = {isa = PBXFileReference; fileEncoding = 4; lastKnownFileType = sourcecode.c.objc; path = WCAlertView.m; sourceTree = "<group>"; };
		F65166231D06D7D6003F7183 /* YALSunnyRefreshControl.h */ = {isa = PBXFileReference; fileEncoding = 4; lastKnownFileType = sourcecode.c.h; path = YALSunnyRefreshControl.h; sourceTree = "<group>"; };
		F65166241D06D7D6003F7183 /* YALSunnyRefreshControl.m */ = {isa = PBXFileReference; fileEncoding = 4; lastKnownFileType = sourcecode.c.objc; path = YALSunnyRefreshControl.m; sourceTree = "<group>"; };
		F65166251D06D7D6003F7183 /* YALSunnyRefreshControl.xib */ = {isa = PBXFileReference; fileEncoding = 4; lastKnownFileType = file.xib; path = YALSunnyRefreshControl.xib; sourceTree = "<group>"; };
/* End PBXFileReference section */

/* Begin PBXFrameworksBuildPhase section */
		F65164871D06D3B5003F7183 /* Frameworks */ = {
			isa = PBXFrameworksBuildPhase;
			buildActionMask = 2147483647;
			files = (
			);
			runOnlyForDeploymentPostprocessing = 0;
		};
/* End PBXFrameworksBuildPhase section */

/* Begin PBXGroup section */
		F65164811D06D3B5003F7183 = {
			isa = PBXGroup;
			children = (
				F651648D1D06D3B5003F7183 /* SRVender */,
				F651648C1D06D3B5003F7183 /* Products */,
			);
			sourceTree = "<group>";
		};
		F651648C1D06D3B5003F7183 /* Products */ = {
			isa = PBXGroup;
			children = (
				F651648B1D06D3B5003F7183 /* SRVender.framework */,
			);
			name = Products;
			sourceTree = "<group>";
		};
		F651648D1D06D3B5003F7183 /* SRVender */ = {
			isa = PBXGroup;
			children = (
				F65165991D06D7D6003F7183 /* SRVendor */,
				F65165971D06D405003F7183 /* PrefixHeader.pch */,
				F651648E1D06D3B5003F7183 /* SRVender.h */,
				F65164901D06D3B5003F7183 /* Info.plist */,
			);
			path = SRVender;
			sourceTree = "<group>";
		};
		F65165991D06D7D6003F7183 /* SRVendor */ = {
			isa = PBXGroup;
			children = (
				F651659A1D06D7D6003F7183 /* AFNetworking */,
				F65165C31D06D7D6003F7183 /* AppConfig.h */,
				F65165C41D06D7D6003F7183 /* AppConfig.m */,
				F65165C51D06D7D6003F7183 /* Info.plist */,
				F65165C71D06D7D6003F7183 /* SRTest.h */,
				F65165C81D06D7D6003F7183 /* SRTest.m */,
				F65165C91D06D7D6003F7183 /* SRVendor.h */,
				F65165CA1D06D7D6003F7183 /* Vendor */,
			);
			path = SRVendor;
			sourceTree = "<group>";
		};
		F651659A1D06D7D6003F7183 /* AFNetworking */ = {
			isa = PBXGroup;
			children = (
				F651659B1D06D7D6003F7183 /* AFNetworking */,
				F65165AF1D06D7D6003F7183 /* LICENSE */,
				F65165B01D06D7D6003F7183 /* README.md */,
				F65165B11D06D7D6003F7183 /* UIKit+AFNetworking */,
			);
			path = AFNetworking;
			sourceTree = "<group>";
		};
		F651659B1D06D7D6003F7183 /* AFNetworking */ = {
			isa = PBXGroup;
			children = (
				F651659C1D06D7D6003F7183 /* AFHTTPRequestOperation.h */,
				F651659D1D06D7D6003F7183 /* AFHTTPRequestOperation.m */,
				F651659E1D06D7D6003F7183 /* AFHTTPRequestOperationManager.h */,
				F651659F1D06D7D6003F7183 /* AFHTTPRequestOperationManager.m */,
				F65165A01D06D7D6003F7183 /* AFHTTPSessionManager.h */,
				F65165A11D06D7D6003F7183 /* AFHTTPSessionManager.m */,
				F65165A21D06D7D6003F7183 /* AFNetworking.h */,
				F65165A31D06D7D6003F7183 /* AFNetworkReachabilityManager.h */,
				F65165A41D06D7D6003F7183 /* AFNetworkReachabilityManager.m */,
				F65165A51D06D7D6003F7183 /* AFSecurityPolicy.h */,
				F65165A61D06D7D6003F7183 /* AFSecurityPolicy.m */,
				F65165A71D06D7D6003F7183 /* AFURLConnectionOperation.h */,
				F65165A81D06D7D6003F7183 /* AFURLConnectionOperation.m */,
				F65165A91D06D7D6003F7183 /* AFURLRequestSerialization.h */,
				F65165AA1D06D7D6003F7183 /* AFURLRequestSerialization.m */,
				F65165AB1D06D7D6003F7183 /* AFURLResponseSerialization.h */,
				F65165AC1D06D7D6003F7183 /* AFURLResponseSerialization.m */,
				F65165AD1D06D7D6003F7183 /* AFURLSessionManager.h */,
				F65165AE1D06D7D6003F7183 /* AFURLSessionManager.m */,
			);
			path = AFNetworking;
			sourceTree = "<group>";
		};
		F65165B11D06D7D6003F7183 /* UIKit+AFNetworking */ = {
			isa = PBXGroup;
			children = (
				F65165B21D06D7D6003F7183 /* AFNetworkActivityIndicatorManager.h */,
				F65165B31D06D7D6003F7183 /* AFNetworkActivityIndicatorManager.m */,
				F65165B41D06D7D6003F7183 /* UIActivityIndicatorView+AFNetworking.h */,
				F65165B51D06D7D6003F7183 /* UIActivityIndicatorView+AFNetworking.m */,
				F65165B61D06D7D6003F7183 /* UIAlertView+AFNetworking.h */,
				F65165B71D06D7D6003F7183 /* UIAlertView+AFNetworking.m */,
				F65165B81D06D7D6003F7183 /* UIButton+AFNetworking.h */,
				F65165B91D06D7D6003F7183 /* UIButton+AFNetworking.m */,
				F65165BA1D06D7D6003F7183 /* UIImageView+AFNetworking.h */,
				F65165BB1D06D7D6003F7183 /* UIImageView+AFNetworking.m */,
				F65165BC1D06D7D6003F7183 /* UIKit+AFNetworking.h */,
				F65165BD1D06D7D6003F7183 /* UIProgressView+AFNetworking.h */,
				F65165BE1D06D7D6003F7183 /* UIProgressView+AFNetworking.m */,
				F65165BF1D06D7D6003F7183 /* UIRefreshControl+AFNetworking.h */,
				F65165C01D06D7D6003F7183 /* UIRefreshControl+AFNetworking.m */,
				F65165C11D06D7D6003F7183 /* UIWebView+AFNetworking.h */,
				F65165C21D06D7D6003F7183 /* UIWebView+AFNetworking.m */,
			);
			path = "UIKit+AFNetworking";
			sourceTree = "<group>";
		};
		F65165CA1D06D7D6003F7183 /* Vendor */ = {
			isa = PBXGroup;
			children = (
				F65165CB1D06D7D6003F7183 /* Foundation */,
				F65165D81D06D7D6003F7183 /* Security */,
				F65165DD1D06D7D6003F7183 /* SRKit */,
				F65166191D06D7D6003F7183 /* UIKit */,
			);
			path = Vendor;
			sourceTree = "<group>";
		};
		F65165CB1D06D7D6003F7183 /* Foundation */ = {
			isa = PBXGroup;
			children = (
				F65165CC1D06D7D6003F7183 /* AppResource.h */,
				F65165CD1D06D7D6003F7183 /* AppResource.m */,
				F65165CE1D06D7D6003F7183 /* CKStringUtils */,
				F65165D11D06D7D6003F7183 /* NSDictionary+STHelper */,
			);
			path = Foundation;
			sourceTree = "<group>";
		};
		F65165CE1D06D7D6003F7183 /* CKStringUtils */ = {
			isa = PBXGroup;
			children = (
				F65165CF1D06D7D6003F7183 /* CKStringUtils.h */,
				F65165D01D06D7D6003F7183 /* CKStringUtils.m */,
			);
			path = CKStringUtils;
			sourceTree = "<group>";
		};
		F65165D11D06D7D6003F7183 /* NSDictionary+STHelper */ = {
			isa = PBXGroup;
			children = (
				F65165D21D06D7D6003F7183 /* LICENSE.txt */,
				F65165D31D06D7D6003F7183 /* NSDictionary+STHelper-Prefix.pch */,
				F65165D41D06D7D6003F7183 /* NSDictionary+STHelper.h */,
				F65165D51D06D7D6003F7183 /* NSDictionary+STHelper.m */,
				F65165D61D06D7D6003F7183 /* NSMutableDictionary+STHelper.h */,
				F65165D71D06D7D6003F7183 /* NSMutableDictionary+STHelper.m */,
			);
			path = "NSDictionary+STHelper";
			sourceTree = "<group>";
		};
		F65165D81D06D7D6003F7183 /* Security */ = {
			isa = PBXGroup;
			children = (
				F65165D91D06D7D6003F7183 /* SSKeychain */,
			);
			path = Security;
			sourceTree = "<group>";
		};
		F65165D91D06D7D6003F7183 /* SSKeychain */ = {
			isa = PBXGroup;
			children = (
				F65165DA1D06D7D6003F7183 /* LICENSE */,
				F65165DB1D06D7D6003F7183 /* SSKeychain.h */,
				F65165DC1D06D7D6003F7183 /* SSKeychain.m */,
			);
			path = SSKeychain;
			sourceTree = "<group>";
		};
		F65165DD1D06D7D6003F7183 /* SRKit */ = {
			isa = PBXGroup;
			children = (
				F65165DE1D06D7D6003F7183 /* Additions */,
				F65165E11D06D7D6003F7183 /* DataKit */,
				F65166101D06D7D6003F7183 /* SRKit.h */,
				F65166111D06D7D6003F7183 /* Support */,
			);
			path = SRKit;
			sourceTree = "<group>";
		};
		F65165DE1D06D7D6003F7183 /* Additions */ = {
			isa = PBXGroup;
			children = (
				F65165DF1D06D7D6003F7183 /* NSDictionary+SRHelper.h */,
				F65165E01D06D7D6003F7183 /* NSDictionary+SRHelper.m */,
			);
			path = Additions;
			sourceTree = "<group>";
		};
		F65165E11D06D7D6003F7183 /* DataKit */ = {
			isa = PBXGroup;
			children = (
				F65165E21D06D7D6003F7183 /* Articles */,
				F65165E81D06D7D6003F7183 /* Content */,
				F65165EB1D06D7D6003F7183 /* Excpetion */,
				F65165EE1D06D7D6003F7183 /* Home */,
				F65165F11D06D7D6003F7183 /* Member */,
				F65166021D06D7D6003F7183 /* SRDataDef.h */,
				F65166031D06D7D6003F7183 /* SRDataDef.m */,
				F65166041D06D7D6003F7183 /* SRDataManager.h */,
				F65166051D06D7D6003F7183 /* SRDataManager.m */,
				F65166061D06D7D6003F7183 /* SRWebService.h */,
				F65166071D06D7D6003F7183 /* SRWebService.m */,
				F65166081D06D7D6003F7183 /* Trainings */,
				F651660B1D06D7D6003F7183 /* Welfare */,
			);
			path = DataKit;
			sourceTree = "<group>";
		};
		F65165E21D06D7D6003F7183 /* Articles */ = {
			isa = PBXGroup;
			children = (
				F65165E31D06D7D6003F7183 /* SRCategoryService.h */,
				F65165E41D06D7D6003F7183 /* SRCategoryService.m */,
			);
			path = Articles;
			sourceTree = "<group>";
		};
		F65165E81D06D7D6003F7183 /* Content */ = {
			isa = PBXGroup;
			children = (
				F65165E91D06D7D6003F7183 /* SRContentService.h */,
				F65165EA1D06D7D6003F7183 /* SRContentService.m */,
			);
			path = Content;
			sourceTree = "<group>";
		};
		F65165EB1D06D7D6003F7183 /* Excpetion */ = {
			isa = PBXGroup;
			children = (
				F65165EC1D06D7D6003F7183 /* SRDataException.h */,
				F65165ED1D06D7D6003F7183 /* SRDataException.m */,
			);
			path = Excpetion;
			sourceTree = "<group>";
		};
		F65165EE1D06D7D6003F7183 /* Home */ = {
			isa = PBXGroup;
			children = (
				F65165EF1D06D7D6003F7183 /* SRHomeService.h */,
				F65165F01D06D7D6003F7183 /* SRHomeService.m */,
			);
			path = Home;
			sourceTree = "<group>";
		};
		F65165F11D06D7D6003F7183 /* Member */ = {
			isa = PBXGroup;
			children = (
				F65165F21D06D7D6003F7183 /* SRMemberService.h */,
				F65165F31D06D7D6003F7183 /* SRMemberService.m */,
			);
			path = Member;
			sourceTree = "<group>";
		};
		F65166081D06D7D6003F7183 /* Trainings */ = {
			isa = PBXGroup;
			children = (
				F65166091D06D7D6003F7183 /* SRTrainingPlan.h */,
				F651660A1D06D7D6003F7183 /* SRTrainingPlan.m */,
			);
			path = Trainings;
			sourceTree = "<group>";
		};
		F651660B1D06D7D6003F7183 /* Welfare */ = {
			isa = PBXGroup;
			children = (
				F651660C1D06D7D6003F7183 /* SRCartService.h */,
				F651660D1D06D7D6003F7183 /* SRCartService.m */,
				F651660E1D06D7D6003F7183 /* SRWelfareService.h */,
				F651660F1D06D7D6003F7183 /* SRWelfareService.m */,
			);
			path = Welfare;
			sourceTree = "<group>";
		};
		F65166111D06D7D6003F7183 /* Support */ = {
			isa = PBXGroup;
			children = (
				F65166121D06D7D6003F7183 /* RKSerialization.h */,
				F65166131D06D7D6003F7183 /* RKURLEncodedSerialization.h */,
				F65166141D06D7D6003F7183 /* RKURLEncodedSerialization.m */,
				F65166151D06D7D6003F7183 /* SRDeviceUtilties.h */,
				F65166161D06D7D6003F7183 /* SRDeviceUtilties.m */,
				F65166171D06D7D6003F7183 /* SRDictionaryUtilities.h */,
				F65166181D06D7D6003F7183 /* SRDictionaryUtilities.m */,
			);
			path = Support;
			sourceTree = "<group>";
		};
		F65166191D06D7D6003F7183 /* UIKit */ = {
			isa = PBXGroup;
			children = (
				F651661A1D06D7D6003F7183 /* CNavigationController.h */,
				F651661B1D06D7D6003F7183 /* CNavigationController.m */,
				F651661C1D06D7D6003F7183 /* CUIEnginer.h */,
				F651661D1D06D7D6003F7183 /* CUIEnginer.m */,
				F651661E1D06D7D6003F7183 /* CUIKit.h */,
				F651661F1D06D7D6003F7183 /* WCAlertView */,
				F65166221D06D7D6003F7183 /* YALSunnyRefreshControll */,
			);
			path = UIKit;
			sourceTree = "<group>";
		};
		F651661F1D06D7D6003F7183 /* WCAlertView */ = {
			isa = PBXGroup;
			children = (
				F65166201D06D7D6003F7183 /* WCAlertView.h */,
				F65166211D06D7D6003F7183 /* WCAlertView.m */,
			);
			path = WCAlertView;
			sourceTree = "<group>";
		};
		F65166221D06D7D6003F7183 /* YALSunnyRefreshControll */ = {
			isa = PBXGroup;
			children = (
				F65166231D06D7D6003F7183 /* YALSunnyRefreshControl.h */,
				F65166241D06D7D6003F7183 /* YALSunnyRefreshControl.m */,
				F65166251D06D7D6003F7183 /* YALSunnyRefreshControl.xib */,
			);
			path = YALSunnyRefreshControll;
			sourceTree = "<group>";
		};
/* End PBXGroup section */

/* Begin PBXHeadersBuildPhase section */
		F65164881D06D3B5003F7183 /* Headers */ = {
			isa = PBXHeadersBuildPhase;
			buildActionMask = 2147483647;
			files = (
				F65166661D06D7D6003F7183 /* SRContentService.h in Headers */,
				F65166371D06D7D6003F7183 /* AFURLSessionManager.h in Headers */,
				F65166411D06D7D6003F7183 /* UIButton+AFNetworking.h in Headers */,
				F65166591D06D7D6003F7183 /* NSDictionary+STHelper.h in Headers */,
				F651667C1D06D7D6003F7183 /* SRWebService.h in Headers */,
				F65166801D06D7D6003F7183 /* SRCartService.h in Headers */,
				F651662D1D06D7D6003F7183 /* AFNetworkReachabilityManager.h in Headers */,
				F65166501D06D7D6003F7183 /* SRTest.h in Headers */,
				F65166851D06D7D6003F7183 /* RKSerialization.h in Headers */,
				F651648F1D06D3B5003F7183 /* SRVender.h in Headers */,
				F65166781D06D7D6003F7183 /* SRDataDef.h in Headers */,
				F651668A1D06D7D6003F7183 /* SRDictionaryUtilities.h in Headers */,
				F651666C1D06D7D6003F7183 /* SRMemberService.h in Headers */,
				F651667E1D06D7D6003F7183 /* SRTrainingPlan.h in Headers */,
				F65166451D06D7D6003F7183 /* UIKit+AFNetworking.h in Headers */,
				F651663D1D06D7D6003F7183 /* UIActivityIndicatorView+AFNetworking.h in Headers */,
				F651665B1D06D7D6003F7183 /* NSMutableDictionary+STHelper.h in Headers */,
				F65166551D06D7D6003F7183 /* CKStringUtils.h in Headers */,
				F65166861D06D7D6003F7183 /* RKURLEncodedSerialization.h in Headers */,
				F65166881D06D7D6003F7183 /* SRDeviceUtilties.h in Headers */,
				F651663B1D06D7D6003F7183 /* AFNetworkActivityIndicatorManager.h in Headers */,
				F65166821D06D7D6003F7183 /* SRWelfareService.h in Headers */,
				F65166901D06D7D6003F7183 /* CUIKit.h in Headers */,
				F651665E1D06D7D6003F7183 /* SSKeychain.h in Headers */,
				F65166581D06D7D6003F7183 /* NSDictionary+STHelper-Prefix.pch in Headers */,
				F65166931D06D7D6003F7183 /* YALSunnyRefreshControl.h in Headers */,
				F651664A1D06D7D6003F7183 /* UIWebView+AFNetworking.h in Headers */,
				F65166681D06D7D6003F7183 /* SRDataException.h in Headers */,
				F65166521D06D7D6003F7183 /* SRVendor.h in Headers */,
				F651666A1D06D7D6003F7183 /* SRHomeService.h in Headers */,
				F65166331D06D7D6003F7183 /* AFURLRequestSerialization.h in Headers */,
				F651668E1D06D7D6003F7183 /* CUIEnginer.h in Headers */,
				F651667A1D06D7D6003F7183 /* SRDataManager.h in Headers */,
				F65166281D06D7D6003F7183 /* AFHTTPRequestOperationManager.h in Headers */,
				F65166841D06D7D6003F7183 /* SRKit.h in Headers */,
				F651664C1D06D7D6003F7183 /* AppConfig.h in Headers */,
				F651662A1D06D7D6003F7183 /* AFHTTPSessionManager.h in Headers */,
				F65166621D06D7D6003F7183 /* SRCategoryService.h in Headers */,
				F65166911D06D7D6003F7183 /* WCAlertView.h in Headers */,
				F65166601D06D7D6003F7183 /* NSDictionary+SRHelper.h in Headers */,
				F651668C1D06D7D6003F7183 /* CNavigationController.h in Headers */,
				F65165981D06D405003F7183 /* PrefixHeader.pch in Headers */,
				F65166531D06D7D6003F7183 /* AppResource.h in Headers */,
				F65166431D06D7D6003F7183 /* UIImageView+AFNetworking.h in Headers */,
				F65166351D06D7D6003F7183 /* AFURLResponseSerialization.h in Headers */,
				F65166261D06D7D6003F7183 /* AFHTTPRequestOperation.h in Headers */,
				F65166311D06D7D6003F7183 /* AFURLConnectionOperation.h in Headers */,
				F65166461D06D7D6003F7183 /* UIProgressView+AFNetworking.h in Headers */,
				F651662C1D06D7D6003F7183 /* AFNetworking.h in Headers */,
				F65166481D06D7D6003F7183 /* UIRefreshControl+AFNetworking.h in Headers */,
				F651662F1D06D7D6003F7183 /* AFSecurityPolicy.h in Headers */,
				F651663F1D06D7D6003F7183 /* UIAlertView+AFNetworking.h in Headers */,
			);
			runOnlyForDeploymentPostprocessing = 0;
		};
/* End PBXHeadersBuildPhase section */

/* Begin PBXNativeTarget section */
		F651648A1D06D3B5003F7183 /* SRVender */ = {
			isa = PBXNativeTarget;
			buildConfigurationList = F65164931D06D3B5003F7183 /* Build configuration list for PBXNativeTarget "SRVender" */;
			buildPhases = (
				F65164861D06D3B5003F7183 /* Sources */,
				F65164871D06D3B5003F7183 /* Frameworks */,
				F65164881D06D3B5003F7183 /* Headers */,
				F65164891D06D3B5003F7183 /* Resources */,
			);
			buildRules = (
			);
			dependencies = (
			);
			name = SRVender;
			productName = SRVender;
			productReference = F651648B1D06D3B5003F7183 /* SRVender.framework */;
			productType = "com.apple.product-type.framework";
		};
/* End PBXNativeTarget section */

/* Begin PBXProject section */
		F65164821D06D3B5003F7183 /* Project object */ = {
			isa = PBXProject;
			attributes = {
				LastUpgradeCheck = 0730;
				ORGANIZATIONNAME = LiHao;
				TargetAttributes = {
					F651648A1D06D3B5003F7183 = {
						CreatedOnToolsVersion = 7.3.1;
					};
				};
			};
			buildConfigurationList = F65164851D06D3B5003F7183 /* Build configuration list for PBXProject "SRVender" */;
			compatibilityVersion = "Xcode 3.2";
			developmentRegion = English;
			hasScannedForEncodings = 0;
			knownRegions = (
				en,
			);
			mainGroup = F65164811D06D3B5003F7183;
			productRefGroup = F651648C1D06D3B5003F7183 /* Products */;
			projectDirPath = "";
			projectRoot = "";
			targets = (
				F651648A1D06D3B5003F7183 /* SRVender */,
			);
		};
/* End PBXProject section */

/* Begin PBXResourcesBuildPhase section */
		F65164891D06D3B5003F7183 /* Resources */ = {
			isa = PBXResourcesBuildPhase;
			buildActionMask = 2147483647;
			files = (
				F65166571D06D7D6003F7183 /* LICENSE.txt in Resources */,
				F651664E1D06D7D6003F7183 /* Info.plist in Resources */,
				F65166951D06D7D6003F7183 /* YALSunnyRefreshControl.xib in Resources */,
				F651665D1D06D7D6003F7183 /* LICENSE in Resources */,
				F65166391D06D7D6003F7183 /* LICENSE in Resources */,
			);
			runOnlyForDeploymentPostprocessing = 0;
		};
/* End PBXResourcesBuildPhase section */

/* Begin PBXSourcesBuildPhase section */
		F65164861D06D3B5003F7183 /* Sources */ = {
			isa = PBXSourcesBuildPhase;
			buildActionMask = 2147483647;
			files = (
				F65166941D06D7D6003F7183 /* YALSunnyRefreshControl.m in Sources */,
				F65166471D06D7D6003F7183 /* UIProgressView+AFNetworking.m in Sources */,
				F651668B1D06D7D6003F7183 /* SRDictionaryUtilities.m in Sources */,
				F65166831D06D7D6003F7183 /* SRWelfareService.m in Sources */,
				F65166891D06D7D6003F7183 /* SRDeviceUtilties.m in Sources */,
				F65166611D06D7D6003F7183 /* NSDictionary+SRHelper.m in Sources */,
				F65166381D06D7D6003F7183 /* AFURLSessionManager.m in Sources */,
				F651664B1D06D7D6003F7183 /* UIWebView+AFNetworking.m in Sources */,
				F651666B1D06D7D6003F7183 /* SRHomeService.m in Sources */,
				F65166441D06D7D6003F7183 /* UIImageView+AFNetworking.m in Sources */,
				F651665F1D06D7D6003F7183 /* SSKeychain.m in Sources */,
				F651665C1D06D7D6003F7183 /* NSMutableDictionary+STHelper.m in Sources */,
				F65166511D06D7D6003F7183 /* SRTest.m in Sources */,
				F65166791D06D7D6003F7183 /* SRDataDef.m in Sources */,
				F651668F1D06D7D6003F7183 /* CUIEnginer.m in Sources */,
				F651662B1D06D7D6003F7183 /* AFHTTPSessionManager.m in Sources */,
				F65166421D06D7D6003F7183 /* UIButton+AFNetworking.m in Sources */,
				F651665A1D06D7D6003F7183 /* NSDictionary+STHelper.m in Sources */,
				F65166541D06D7D6003F7183 /* AppResource.m in Sources */,
				F651667B1D06D7D6003F7183 /* SRDataManager.m in Sources */,
				F651664D1D06D7D6003F7183 /* AppConfig.m in Sources */,
				F651667D1D06D7D6003F7183 /* SRWebService.m in Sources */,
				F651667F1D06D7D6003F7183 /* SRTrainingPlan.m in Sources */,
				F65166691D06D7D6003F7183 /* SRDataException.m in Sources */,
				F65166401D06D7D6003F7183 /* UIAlertView+AFNetworking.m in Sources */,
				F65166561D06D7D6003F7183 /* CKStringUtils.m in Sources */,
				F651663A1D06D7D6003F7183 /* README.md in Sources */,
				F65166491D06D7D6003F7183 /* UIRefreshControl+AFNetworking.m in Sources */,
				F65166631D06D7D6003F7183 /* SRCategoryService.m in Sources */,
				F65166301D06D7D6003F7183 /* AFSecurityPolicy.m in Sources */,
				F65166671D06D7D6003F7183 /* SRContentService.m in Sources */,
				F651663C1D06D7D6003F7183 /* AFNetworkActivityIndicatorManager.m in Sources */,
				F65166291D06D7D6003F7183 /* AFHTTPRequestOperationManager.m in Sources */,
				F65166871D06D7D6003F7183 /* RKURLEncodedSerialization.m in Sources */,
				F651663E1D06D7D6003F7183 /* UIActivityIndicatorView+AFNetworking.m in Sources */,
				F651666D1D06D7D6003F7183 /* SRMemberService.m in Sources */,
				F651668D1D06D7D6003F7183 /* CNavigationController.m in Sources */,
				F651662E1D06D7D6003F7183 /* AFNetworkReachabilityManager.m in Sources */,
				F65166321D06D7D6003F7183 /* AFURLConnectionOperation.m in Sources */,
				F65166341D06D7D6003F7183 /* AFURLRequestSerialization.m in Sources */,
				F65166811D06D7D6003F7183 /* SRCartService.m in Sources */,
				F65166921D06D7D6003F7183 /* WCAlertView.m in Sources */,
				F65166361D06D7D6003F7183 /* AFURLResponseSerialization.m in Sources */,
				F65166271D06D7D6003F7183 /* AFHTTPRequestOperation.m in Sources */,
			);
			runOnlyForDeploymentPostprocessing = 0;
		};
/* End PBXSourcesBuildPhase section */

/* Begin XCBuildConfiguration section */
		F65164911D06D3B5003F7183 /* Debug */ = {
			isa = XCBuildConfiguration;
			buildSettings = {
				ALWAYS_SEARCH_USER_PATHS = NO;
				CLANG_ANALYZER_NONNULL = YES;
				CLANG_CXX_LANGUAGE_STANDARD = "gnu++0x";
				CLANG_CXX_LIBRARY = "libc++";
				CLANG_ENABLE_MODULES = YES;
				CLANG_ENABLE_OBJC_ARC = YES;
				CLANG_WARN_BOOL_CONVERSION = YES;
				CLANG_WARN_CONSTANT_CONVERSION = YES;
				CLANG_WARN_DIRECT_OBJC_ISA_USAGE = YES_ERROR;
				CLANG_WARN_EMPTY_BODY = YES;
				CLANG_WARN_ENUM_CONVERSION = YES;
				CLANG_WARN_INT_CONVERSION = YES;
				CLANG_WARN_OBJC_ROOT_CLASS = YES_ERROR;
				CLANG_WARN_UNREACHABLE_CODE = YES;
				CLANG_WARN__DUPLICATE_METHOD_MATCH = YES;
				"CODE_SIGN_IDENTITY[sdk=iphoneos*]" = "iPhone Developer";
				COPY_PHASE_STRIP = NO;
				CURRENT_PROJECT_VERSION = 1;
				DEBUG_INFORMATION_FORMAT = dwarf;
				ENABLE_STRICT_OBJC_MSGSEND = YES;
				ENABLE_TESTABILITY = YES;
				GCC_C_LANGUAGE_STANDARD = gnu99;
				GCC_DYNAMIC_NO_PIC = NO;
				GCC_NO_COMMON_BLOCKS = YES;
				GCC_OPTIMIZATION_LEVEL = 0;
				GCC_PREPROCESSOR_DEFINITIONS = (
					"DEBUG=1",
					"$(inherited)",
				);
				GCC_WARN_64_TO_32_BIT_CONVERSION = YES;
				GCC_WARN_ABOUT_RETURN_TYPE = YES_ERROR;
				GCC_WARN_UNDECLARED_SELECTOR = YES;
				GCC_WARN_UNINITIALIZED_AUTOS = YES_AGGRESSIVE;
				GCC_WARN_UNUSED_FUNCTION = YES;
				GCC_WARN_UNUSED_VARIABLE = YES;
				IPHONEOS_DEPLOYMENT_TARGET = 9.3;
				MTL_ENABLE_DEBUG_INFO = YES;
				ONLY_ACTIVE_ARCH = YES;
				SDKROOT = iphoneos;
				TARGETED_DEVICE_FAMILY = "1,2";
				VERSIONING_SYSTEM = "apple-generic";
				VERSION_INFO_PREFIX = "";
			};
			name = Debug;
		};
		F65164921D06D3B5003F7183 /* Release */ = {
			isa = XCBuildConfiguration;
			buildSettings = {
				ALWAYS_SEARCH_USER_PATHS = NO;
				CLANG_ANALYZER_NONNULL = YES;
				CLANG_CXX_LANGUAGE_STANDARD = "gnu++0x";
				CLANG_CXX_LIBRARY = "libc++";
				CLANG_ENABLE_MODULES = YES;
				CLANG_ENABLE_OBJC_ARC = YES;
				CLANG_WARN_BOOL_CONVERSION = YES;
				CLANG_WARN_CONSTANT_CONVERSION = YES;
				CLANG_WARN_DIRECT_OBJC_ISA_USAGE = YES_ERROR;
				CLANG_WARN_EMPTY_BODY = YES;
				CLANG_WARN_ENUM_CONVERSION = YES;
				CLANG_WARN_INT_CONVERSION = YES;
				CLANG_WARN_OBJC_ROOT_CLASS = YES_ERROR;
				CLANG_WARN_UNREACHABLE_CODE = YES;
				CLANG_WARN__DUPLICATE_METHOD_MATCH = YES;
				"CODE_SIGN_IDENTITY[sdk=iphoneos*]" = "iPhone Developer";
				COPY_PHASE_STRIP = NO;
				CURRENT_PROJECT_VERSION = 1;
				DEBUG_INFORMATION_FORMAT = "dwarf-with-dsym";
				ENABLE_NS_ASSERTIONS = NO;
				ENABLE_STRICT_OBJC_MSGSEND = YES;
				GCC_C_LANGUAGE_STANDARD = gnu99;
				GCC_NO_COMMON_BLOCKS = YES;
				GCC_WARN_64_TO_32_BIT_CONVERSION = YES;
				GCC_WARN_ABOUT_RETURN_TYPE = YES_ERROR;
				GCC_WARN_UNDECLARED_SELECTOR = YES;
				GCC_WARN_UNINITIALIZED_AUTOS = YES_AGGRESSIVE;
				GCC_WARN_UNUSED_FUNCTION = YES;
				GCC_WARN_UNUSED_VARIABLE = YES;
				IPHONEOS_DEPLOYMENT_TARGET = 9.3;
				MTL_ENABLE_DEBUG_INFO = NO;
				SDKROOT = iphoneos;
				TARGETED_DEVICE_FAMILY = "1,2";
				VALIDATE_PRODUCT = YES;
				VERSIONING_SYSTEM = "apple-generic";
				VERSION_INFO_PREFIX = "";
			};
			name = Release;
		};
		F65164941D06D3B5003F7183 /* Debug */ = {
			isa = XCBuildConfiguration;
			buildSettings = {
				DEFINES_MODULE = YES;
				DYLIB_COMPATIBILITY_VERSION = 1;
				DYLIB_CURRENT_VERSION = 1;
				DYLIB_INSTALL_NAME_BASE = "@rpath";
				GCC_PRECOMPILE_PREFIX_HEADER = YES;
				GCC_PREFIX_HEADER = SRVender/PrefixHeader.pch;
				INFOPLIST_FILE = SRVender/Info.plist;
				INSTALL_PATH = "$(LOCAL_LIBRARY_DIR)/Frameworks";
				LD_RUNPATH_SEARCH_PATHS = "$(inherited) @executable_path/Frameworks @loader_path/Frameworks";
				PRODUCT_BUNDLE_IDENTIFIER = "----.SRVender";
				PRODUCT_NAME = "$(TARGET_NAME)";
				SKIP_INSTALL = YES;
			};
			name = Debug;
		};
		F65164951D06D3B5003F7183 /* Release */ = {
			isa = XCBuildConfiguration;
			buildSettings = {
				DEFINES_MODULE = YES;
				DYLIB_COMPATIBILITY_VERSION = 1;
				DYLIB_CURRENT_VERSION = 1;
				DYLIB_INSTALL_NAME_BASE = "@rpath";
				GCC_PRECOMPILE_PREFIX_HEADER = YES;
				GCC_PREFIX_HEADER = SRVender/PrefixHeader.pch;
				INFOPLIST_FILE = SRVender/Info.plist;
				INSTALL_PATH = "$(LOCAL_LIBRARY_DIR)/Frameworks";
				LD_RUNPATH_SEARCH_PATHS = "$(inherited) @executable_path/Frameworks @loader_path/Frameworks";
				PRODUCT_BUNDLE_IDENTIFIER = "----.SRVender";
				PRODUCT_NAME = "$(TARGET_NAME)";
				SKIP_INSTALL = YES;
			};
			name = Release;
		};
/* End XCBuildConfiguration section */

/* Begin XCConfigurationList section */
		F65164851D06D3B5003F7183 /* Build configuration list for PBXProject "SRVender" */ = {
			isa = XCConfigurationList;
			buildConfigurations = (
				F65164911D06D3B5003F7183 /* Debug */,
				F65164921D06D3B5003F7183 /* Release */,
			);
			defaultConfigurationIsVisible = 0;
			defaultConfigurationName = Release;
		};
		F65164931D06D3B5003F7183 /* Build configuration list for PBXNativeTarget "SRVender" */ = {
			isa = XCConfigurationList;
			buildConfigurations = (
				F65164941D06D3B5003F7183 /* Debug */,
				F65164951D06D3B5003F7183 /* Release */,
			);
			defaultConfigurationIsVisible = 0;
			defaultConfigurationName = Release;
		};
/* End XCConfigurationList section */
	};
	rootObject = F65164821D06D3B5003F7183 /* Project object */;
}
